// !$*UTF8*$!
{
	archiveVersion = 1;
	classes = {
	};
	objectVersion = 46;
	objects = {

/* Begin PBXBuildFile section */
		272ACAAC5F61EFDBCA478D27 /* libPods-WBUtils.a in Frameworks */ = {isa = PBXBuildFile; fileRef = B7768CCDC077A2A15C5D2DFF /* libPods-WBUtils.a */; };
		2D1DCAC71F41788900368A9E /* WBFileManager.h in Headers */ = {isa = PBXBuildFile; fileRef = 2D1DCAC51F41788900368A9E /* WBFileManager.h */; settings = {ATTRIBUTES = (Public, ); }; };
		2D1DCAC81F41788900368A9E /* WBFileManager.m in Sources */ = {isa = PBXBuildFile; fileRef = 2D1DCAC61F41788900368A9E /* WBFileManager.m */; };
		2D1DCACF1F41AB4D00368A9E /* WBRecordCircleProgressView.h in Headers */ = {isa = PBXBuildFile; fileRef = 2D1DCACD1F41AB4D00368A9E /* WBRecordCircleProgressView.h */; settings = {ATTRIBUTES = (Public, ); }; };
		2D1DCAD01F41AB4D00368A9E /* WBRecordCircleProgressView.m in Sources */ = {isa = PBXBuildFile; fileRef = 2D1DCACE1F41AB4D00368A9E /* WBRecordCircleProgressView.m */; };
		2D1DCAD31F41DD0C00368A9E /* WBTimeShowView.h in Headers */ = {isa = PBXBuildFile; fileRef = 2D1DCAD11F41DD0C00368A9E /* WBTimeShowView.h */; settings = {ATTRIBUTES = (Public, ); }; };
		2D1DCAD41F41DD0D00368A9E /* WBTimeShowView.m in Sources */ = {isa = PBXBuildFile; fileRef = 2D1DCAD21F41DD0C00368A9E /* WBTimeShowView.m */; };
		2D1DCADC1F43E2D800368A9E /* ALAssetsLibrary+CustomPhotoAlbum.h in Headers */ = {isa = PBXBuildFile; fileRef = 2D1DCADA1F43E2D800368A9E /* ALAssetsLibrary+CustomPhotoAlbum.h */; settings = {ATTRIBUTES = (Public, ); }; };
		2D1DCADD1F43E2D800368A9E /* ALAssetsLibrary+CustomPhotoAlbum.m in Sources */ = {isa = PBXBuildFile; fileRef = 2D1DCADB1F43E2D800368A9E /* ALAssetsLibrary+CustomPhotoAlbum.m */; };
		2D1DCB031F44519900368A9E /* UIImage+Utils.h in Headers */ = {isa = PBXBuildFile; fileRef = 2D1DCB011F44519900368A9E /* UIImage+Utils.h */; settings = {ATTRIBUTES = (Public, ); }; };
		2D1DCB041F44519900368A9E /* UIImage+Utils.m in Sources */ = {isa = PBXBuildFile; fileRef = 2D1DCB021F44519900368A9E /* UIImage+Utils.m */; };
		2D1DCB0F1F4454EB00368A9E /* WBUtils_prefix.pch in Headers */ = {isa = PBXBuildFile; fileRef = 2D1DCB0E1F4454EB00368A9E /* WBUtils_prefix.pch */; };
		2D1DCB161F4598E400368A9E /* WBPhotoManager.h in Headers */ = {isa = PBXBuildFile; fileRef = 2D1DCB141F4598E400368A9E /* WBPhotoManager.h */; };
		2D1DCB171F4598E400368A9E /* WBPhotoManager.m in Sources */ = {isa = PBXBuildFile; fileRef = 2D1DCB151F4598E400368A9E /* WBPhotoManager.m */; };
		2D1DCB1E1F45990B00368A9E /* WBAlbumModel.h in Headers */ = {isa = PBXBuildFile; fileRef = 2D1DCB181F45990B00368A9E /* WBAlbumModel.h */; };
		2D1DCB1F1F45990B00368A9E /* WBAlbumModel.m in Sources */ = {isa = PBXBuildFile; fileRef = 2D1DCB191F45990B00368A9E /* WBAlbumModel.m */; };
		2D1DCB201F45990B00368A9E /* WBAssetBaseModel.h in Headers */ = {isa = PBXBuildFile; fileRef = 2D1DCB1A1F45990B00368A9E /* WBAssetBaseModel.h */; };
		2D1DCB211F45990B00368A9E /* WBAssetBaseModel.m in Sources */ = {isa = PBXBuildFile; fileRef = 2D1DCB1B1F45990B00368A9E /* WBAssetBaseModel.m */; };
		2D1DCB221F45990B00368A9E /* WBAssetModel.h in Headers */ = {isa = PBXBuildFile; fileRef = 2D1DCB1C1F45990B00368A9E /* WBAssetModel.h */; };
		2D1DCB231F45990B00368A9E /* WBAssetModel.m in Sources */ = {isa = PBXBuildFile; fileRef = 2D1DCB1D1F45990B00368A9E /* WBAssetModel.m */; };
		2D1DCB261F45991700368A9E /* WBMoment.h in Headers */ = {isa = PBXBuildFile; fileRef = 2D1DCB241F45991700368A9E /* WBMoment.h */; };
		2D1DCB271F45991700368A9E /* WBMoment.m in Sources */ = {isa = PBXBuildFile; fileRef = 2D1DCB251F45991700368A9E /* WBMoment.m */; };
		2D1DCB2A1F45992800368A9E /* WBPickingModel.h in Headers */ = {isa = PBXBuildFile; fileRef = 2D1DCB281F45992800368A9E /* WBPickingModel.h */; };
		2D1DCB2B1F45992800368A9E /* WBPickingModel.m in Sources */ = {isa = PBXBuildFile; fileRef = 2D1DCB291F45992800368A9E /* WBPickingModel.m */; };
		2D1DCB2D1F45993E00368A9E /* WBPhotoManagerHeader.h in Headers */ = {isa = PBXBuildFile; fileRef = 2D1DCB2C1F45993E00368A9E /* WBPhotoManagerHeader.h */; settings = {ATTRIBUTES = (Public, ); }; };
		2D1DCB2F1F45994A00368A9E /* WBPhotoManagerEnumeration.h in Headers */ = {isa = PBXBuildFile; fileRef = 2D1DCB2E1F45994A00368A9E /* WBPhotoManagerEnumeration.h */; };
		2D1DCB3B1F45998000368A9E /* WBAlbumListCell.h in Headers */ = {isa = PBXBuildFile; fileRef = 2D1DCB301F45998000368A9E /* WBAlbumListCell.h */; };
		2D1DCB3C1F45998000368A9E /* WBAlbumListCell.m in Sources */ = {isa = PBXBuildFile; fileRef = 2D1DCB311F45998000368A9E /* WBAlbumListCell.m */; };
		2D1DCB3D1F45998000368A9E /* WBCameraView.h in Headers */ = {isa = PBXBuildFile; fileRef = 2D1DCB321F45998000368A9E /* WBCameraView.h */; };
		2D1DCB3E1F45998000368A9E /* WBCameraView.m in Sources */ = {isa = PBXBuildFile; fileRef = 2D1DCB331F45998000368A9E /* WBCameraView.m */; };
		2D1DCB3F1F45998000368A9E /* WBPhotoGridCell.h in Headers */ = {isa = PBXBuildFile; fileRef = 2D1DCB341F45998000368A9E /* WBPhotoGridCell.h */; };
		2D1DCB401F45998000368A9E /* WBPhotoGridCell.m in Sources */ = {isa = PBXBuildFile; fileRef = 2D1DCB351F45998000368A9E /* WBPhotoGridCell.m */; };
		2D1DCB411F45998000368A9E /* WBPhotoGridHeaderView.h in Headers */ = {isa = PBXBuildFile; fileRef = 2D1DCB361F45998000368A9E /* WBPhotoGridHeaderView.h */; };
		2D1DCB421F45998000368A9E /* WBPhotoGridHeaderView.m in Sources */ = {isa = PBXBuildFile; fileRef = 2D1DCB371F45998000368A9E /* WBPhotoGridHeaderView.m */; };
		2D1DCB431F45998000368A9E /* WBPhotoPreviewCellDelegate.h in Headers */ = {isa = PBXBuildFile; fileRef = 2D1DCB381F45998000368A9E /* WBPhotoPreviewCellDelegate.h */; };
		2D1DCB441F45998000368A9E /* WBPhotoPreviewImageCell.h in Headers */ = {isa = PBXBuildFile; fileRef = 2D1DCB391F45998000368A9E /* WBPhotoPreviewImageCell.h */; };
		2D1DCB451F45998000368A9E /* WBPhotoPreviewImageCell.m in Sources */ = {isa = PBXBuildFile; fileRef = 2D1DCB3A1F45998000368A9E /* WBPhotoPreviewImageCell.m */; };
		2D1DCB501F459C2400368A9E /* WBAlbumListController.h in Headers */ = {isa = PBXBuildFile; fileRef = 2D1DCB461F459C2400368A9E /* WBAlbumListController.h */; };
		2D1DCB511F459C2400368A9E /* WBAlbumListController.m in Sources */ = {isa = PBXBuildFile; fileRef = 2D1DCB471F459C2400368A9E /* WBAlbumListController.m */; };
		2D1DCB521F459C2400368A9E /* WBImagePickerController.h in Headers */ = {isa = PBXBuildFile; fileRef = 2D1DCB481F459C2400368A9E /* WBImagePickerController.h */; };
		2D1DCB531F459C2400368A9E /* WBImagePickerController.m in Sources */ = {isa = PBXBuildFile; fileRef = 2D1DCB491F459C2400368A9E /* WBImagePickerController.m */; };
		2D1DCB541F459C2400368A9E /* WBPhotoGridController.h in Headers */ = {isa = PBXBuildFile; fileRef = 2D1DCB4A1F459C2400368A9E /* WBPhotoGridController.h */; };
		2D1DCB551F459C2400368A9E /* WBPhotoGridController.m in Sources */ = {isa = PBXBuildFile; fileRef = 2D1DCB4B1F459C2400368A9E /* WBPhotoGridController.m */; };
		2D1DCB561F459C2400368A9E /* WBPhotoPreviewController.h in Headers */ = {isa = PBXBuildFile; fileRef = 2D1DCB4C1F459C2400368A9E /* WBPhotoPreviewController.h */; };
		2D1DCB571F459C2400368A9E /* WBPhotoPreviewController.m in Sources */ = {isa = PBXBuildFile; fileRef = 2D1DCB4D1F459C2400368A9E /* WBPhotoPreviewController.m */; };
		2D1DCB581F459C2400368A9E /* WBVideoPreviewController.h in Headers */ = {isa = PBXBuildFile; fileRef = 2D1DCB4E1F459C2400368A9E /* WBVideoPreviewController.h */; };
		2D1DCB591F459C2400368A9E /* WBVideoPreviewController.m in Sources */ = {isa = PBXBuildFile; fileRef = 2D1DCB4F1F459C2400368A9E /* WBVideoPreviewController.m */; };
		2D1DCB671F45A41E00368A9E /* NSDate+WBUtils.h in Headers */ = {isa = PBXBuildFile; fileRef = 2D1DCB5B1F45A41E00368A9E /* NSDate+WBUtils.h */; };
		2D1DCB681F45A41E00368A9E /* NSDate+WBUtils.m in Sources */ = {isa = PBXBuildFile; fileRef = 2D1DCB5C1F45A41E00368A9E /* NSDate+WBUtils.m */; };
		2D1DCB691F45A41E00368A9E /* NSIndexSet+WBUtils.h in Headers */ = {isa = PBXBuildFile; fileRef = 2D1DCB5D1F45A41E00368A9E /* NSIndexSet+WBUtils.h */; };
		2D1DCB6A1F45A41E00368A9E /* NSIndexSet+WBUtils.m in Sources */ = {isa = PBXBuildFile; fileRef = 2D1DCB5E1F45A41E00368A9E /* NSIndexSet+WBUtils.m */; };
		2D1DCB6B1F45A41E00368A9E /* UICollectionView+WBUtils.h in Headers */ = {isa = PBXBuildFile; fileRef = 2D1DCB5F1F45A41E00368A9E /* UICollectionView+WBUtils.h */; };
		2D1DCB6C1F45A41E00368A9E /* UICollectionView+WBUtils.m in Sources */ = {isa = PBXBuildFile; fileRef = 2D1DCB601F45A41E00368A9E /* UICollectionView+WBUtils.m */; };
		2D1DCB6D1F45A41E00368A9E /* UIImage+WBUtiles.h in Headers */ = {isa = PBXBuildFile; fileRef = 2D1DCB611F45A41E00368A9E /* UIImage+WBUtiles.h */; };
		2D1DCB6E1F45A41E00368A9E /* UIImage+WBUtiles.m in Sources */ = {isa = PBXBuildFile; fileRef = 2D1DCB621F45A41E00368A9E /* UIImage+WBUtiles.m */; };
		2D1DCB6F1F45A41E00368A9E /* UIView+WBUtils.h in Headers */ = {isa = PBXBuildFile; fileRef = 2D1DCB631F45A41E00368A9E /* UIView+WBUtils.h */; };
		2D1DCB701F45A41E00368A9E /* UIView+WBUtils.m in Sources */ = {isa = PBXBuildFile; fileRef = 2D1DCB641F45A41E00368A9E /* UIView+WBUtils.m */; };
		2D1DCB711F45A41E00368A9E /* UIViewController+WBUtils.h in Headers */ = {isa = PBXBuildFile; fileRef = 2D1DCB651F45A41E00368A9E /* UIViewController+WBUtils.h */; };
		2D1DCB721F45A41E00368A9E /* UIViewController+WBUtils.m in Sources */ = {isa = PBXBuildFile; fileRef = 2D1DCB661F45A41E00368A9E /* UIViewController+WBUtils.m */; };
		2D1DCB751F45A7CF00368A9E /* WBPhotoConfiguration.h in Headers */ = {isa = PBXBuildFile; fileRef = 2D1DCB731F45A7CF00368A9E /* WBPhotoConfiguration.h */; };
		2D1DCB761F45A7CF00368A9E /* WBPhotoConfiguration.m in Sources */ = {isa = PBXBuildFile; fileRef = 2D1DCB741F45A7CF00368A9E /* WBPhotoConfiguration.m */; };
		2D32361A1F31D75700AE340D /* WBSingletonDef.h in Headers */ = {isa = PBXBuildFile; fileRef = 2D3236181F31D75700AE340D /* WBSingletonDef.h */; settings = {ATTRIBUTES = (Public, ); }; };
		2DDF0A941F0627A1002C032C /* MBProgressHUD+Utils.h in Headers */ = {isa = PBXBuildFile; fileRef = 2DDF0A921F0627A1002C032C /* MBProgressHUD+Utils.h */; settings = {ATTRIBUTES = (Public, ); }; };
		2DDF0A951F0627A1002C032C /* MBProgressHUD+Utils.m in Sources */ = {isa = PBXBuildFile; fileRef = 2DDF0A931F0627A1002C032C /* MBProgressHUD+Utils.m */; };
		2DDF0A9C1F0B3000002C032C /* WBSettingMacros.h in Headers */ = {isa = PBXBuildFile; fileRef = 2DDF0A9A1F0B3000002C032C /* WBSettingMacros.h */; settings = {ATTRIBUTES = (Public, ); }; };
		2DE9E4781F025778001255F4 /* WBMacros.h in Headers */ = {isa = PBXBuildFile; fileRef = 2DE9E4741F0256F9001255F4 /* WBMacros.h */; settings = {ATTRIBUTES = (Public, ); }; };
		2DE9E47D1F0267AA001255F4 /* UIColor+Utils.h in Headers */ = {isa = PBXBuildFile; fileRef = 2DE9E47B1F0267AA001255F4 /* UIColor+Utils.h */; settings = {ATTRIBUTES = (Public, ); }; };
		2DE9E47E1F0267AA001255F4 /* UIColor+Utils.m in Sources */ = {isa = PBXBuildFile; fileRef = 2DE9E47C1F0267AA001255F4 /* UIColor+Utils.m */; settings = {COMPILER_FLAGS = "-ObjC"; }; };
/* End PBXBuildFile section */

/* Begin PBXCopyFilesBuildPhase section */
		2DE9E41C1F02328B001255F4 /* CopyFiles */ = {
			isa = PBXCopyFilesBuildPhase;
			buildActionMask = 2147483647;
			dstPath = "include/$(PRODUCT_NAME)";
			dstSubfolderSpec = 16;
			files = (
			);
			runOnlyForDeploymentPostprocessing = 0;
		};
/* End PBXCopyFilesBuildPhase section */

/* Begin PBXFileReference section */
		2D1DCAC51F41788900368A9E /* WBFileManager.h */ = {isa = PBXFileReference; fileEncoding = 4; lastKnownFileType = sourcecode.c.h; path = WBFileManager.h; sourceTree = "<group>"; };
		2D1DCAC61F41788900368A9E /* WBFileManager.m */ = {isa = PBXFileReference; fileEncoding = 4; lastKnownFileType = sourcecode.c.objc; path = WBFileManager.m; sourceTree = "<group>"; };
		2D1DCACD1F41AB4D00368A9E /* WBRecordCircleProgressView.h */ = {isa = PBXFileReference; fileEncoding = 4; lastKnownFileType = sourcecode.c.h; path = WBRecordCircleProgressView.h; sourceTree = "<group>"; };
		2D1DCACE1F41AB4D00368A9E /* WBRecordCircleProgressView.m */ = {isa = PBXFileReference; fileEncoding = 4; lastKnownFileType = sourcecode.c.objc; path = WBRecordCircleProgressView.m; sourceTree = "<group>"; };
		2D1DCAD11F41DD0C00368A9E /* WBTimeShowView.h */ = {isa = PBXFileReference; fileEncoding = 4; lastKnownFileType = sourcecode.c.h; path = WBTimeShowView.h; sourceTree = "<group>"; };
		2D1DCAD21F41DD0C00368A9E /* WBTimeShowView.m */ = {isa = PBXFileReference; fileEncoding = 4; lastKnownFileType = sourcecode.c.objc; path = WBTimeShowView.m; sourceTree = "<group>"; };
		2D1DCADA1F43E2D800368A9E /* ALAssetsLibrary+CustomPhotoAlbum.h */ = {isa = PBXFileReference; fileEncoding = 4; lastKnownFileType = sourcecode.c.h; path = "ALAssetsLibrary+CustomPhotoAlbum.h"; sourceTree = "<group>"; };
		2D1DCADB1F43E2D800368A9E /* ALAssetsLibrary+CustomPhotoAlbum.m */ = {isa = PBXFileReference; fileEncoding = 4; lastKnownFileType = sourcecode.c.objc; path = "ALAssetsLibrary+CustomPhotoAlbum.m"; sourceTree = "<group>"; };
		2D1DCB011F44519900368A9E /* UIImage+Utils.h */ = {isa = PBXFileReference; fileEncoding = 4; lastKnownFileType = sourcecode.c.h; path = "UIImage+Utils.h"; sourceTree = "<group>"; };
		2D1DCB021F44519900368A9E /* UIImage+Utils.m */ = {isa = PBXFileReference; fileEncoding = 4; lastKnownFileType = sourcecode.c.objc; path = "UIImage+Utils.m"; sourceTree = "<group>"; };
		2D1DCB0E1F4454EB00368A9E /* WBUtils_prefix.pch */ = {isa = PBXFileReference; fileEncoding = 4; lastKnownFileType = sourcecode.c.h; name = WBUtils_prefix.pch; path = WBUtils/WBUtils_prefix.pch; sourceTree = "<group>"; };
		2D1DCB141F4598E400368A9E /* WBPhotoManager.h */ = {isa = PBXFileReference; fileEncoding = 4; lastKnownFileType = sourcecode.c.h; name = WBPhotoManager.h; path = WBPhotoManager/WBPhotoManager.h; sourceTree = "<group>"; };
		2D1DCB151F4598E400368A9E /* WBPhotoManager.m */ = {isa = PBXFileReference; fileEncoding = 4; lastKnownFileType = sourcecode.c.objc; name = WBPhotoManager.m; path = WBPhotoManager/WBPhotoManager.m; sourceTree = "<group>"; };
		2D1DCB181F45990B00368A9E /* WBAlbumModel.h */ = {isa = PBXFileReference; fileEncoding = 4; lastKnownFileType = sourcecode.c.h; name = WBAlbumModel.h; path = WBPhotoManager/WBAlbumModel.h; sourceTree = "<group>"; };
		2D1DCB191F45990B00368A9E /* WBAlbumModel.m */ = {isa = PBXFileReference; fileEncoding = 4; lastKnownFileType = sourcecode.c.objc; name = WBAlbumModel.m; path = WBPhotoManager/WBAlbumModel.m; sourceTree = "<group>"; };
		2D1DCB1A1F45990B00368A9E /* WBAssetBaseModel.h */ = {isa = PBXFileReference; fileEncoding = 4; lastKnownFileType = sourcecode.c.h; name = WBAssetBaseModel.h; path = WBPhotoManager/WBAssetBaseModel.h; sourceTree = "<group>"; };
		2D1DCB1B1F45990B00368A9E /* WBAssetBaseModel.m */ = {isa = PBXFileReference; fileEncoding = 4; lastKnownFileType = sourcecode.c.objc; name = WBAssetBaseModel.m; path = WBPhotoManager/WBAssetBaseModel.m; sourceTree = "<group>"; };
		2D1DCB1C1F45990B00368A9E /* WBAssetModel.h */ = {isa = PBXFileReference; fileEncoding = 4; lastKnownFileType = sourcecode.c.h; name = WBAssetModel.h; path = WBPhotoManager/WBAssetModel.h; sourceTree = "<group>"; };
		2D1DCB1D1F45990B00368A9E /* WBAssetModel.m */ = {isa = PBXFileReference; fileEncoding = 4; lastKnownFileType = sourcecode.c.objc; name = WBAssetModel.m; path = WBPhotoManager/WBAssetModel.m; sourceTree = "<group>"; };
		2D1DCB241F45991700368A9E /* WBMoment.h */ = {isa = PBXFileReference; fileEncoding = 4; lastKnownFileType = sourcecode.c.h; name = WBMoment.h; path = WBPhotoManager/WBMoment.h; sourceTree = "<group>"; };
		2D1DCB251F45991700368A9E /* WBMoment.m */ = {isa = PBXFileReference; fileEncoding = 4; lastKnownFileType = sourcecode.c.objc; name = WBMoment.m; path = WBPhotoManager/WBMoment.m; sourceTree = "<group>"; };
		2D1DCB281F45992800368A9E /* WBPickingModel.h */ = {isa = PBXFileReference; fileEncoding = 4; lastKnownFileType = sourcecode.c.h; name = WBPickingModel.h; path = WBPhotoManager/WBPickingModel.h; sourceTree = "<group>"; };
		2D1DCB291F45992800368A9E /* WBPickingModel.m */ = {isa = PBXFileReference; fileEncoding = 4; lastKnownFileType = sourcecode.c.objc; name = WBPickingModel.m; path = WBPhotoManager/WBPickingModel.m; sourceTree = "<group>"; };
		2D1DCB2C1F45993E00368A9E /* WBPhotoManagerHeader.h */ = {isa = PBXFileReference; fileEncoding = 4; lastKnownFileType = sourcecode.c.h; name = WBPhotoManagerHeader.h; path = WBPhotoManager/WBPhotoManagerHeader.h; sourceTree = "<group>"; };
		2D1DCB2E1F45994A00368A9E /* WBPhotoManagerEnumeration.h */ = {isa = PBXFileReference; fileEncoding = 4; lastKnownFileType = sourcecode.c.h; name = WBPhotoManagerEnumeration.h; path = WBPhotoManager/WBPhotoManagerEnumeration.h; sourceTree = "<group>"; };
		2D1DCB301F45998000368A9E /* WBAlbumListCell.h */ = {isa = PBXFileReference; fileEncoding = 4; lastKnownFileType = sourcecode.c.h; name = WBAlbumListCell.h; path = WBPhotoManager/WBAlbumListCell.h; sourceTree = "<group>"; };
		2D1DCB311F45998000368A9E /* WBAlbumListCell.m */ = {isa = PBXFileReference; fileEncoding = 4; lastKnownFileType = sourcecode.c.objc; name = WBAlbumListCell.m; path = WBPhotoManager/WBAlbumListCell.m; sourceTree = "<group>"; };
		2D1DCB321F45998000368A9E /* WBCameraView.h */ = {isa = PBXFileReference; fileEncoding = 4; lastKnownFileType = sourcecode.c.h; name = WBCameraView.h; path = WBPhotoManager/WBCameraView.h; sourceTree = "<group>"; };
		2D1DCB331F45998000368A9E /* WBCameraView.m */ = {isa = PBXFileReference; fileEncoding = 4; lastKnownFileType = sourcecode.c.objc; name = WBCameraView.m; path = WBPhotoManager/WBCameraView.m; sourceTree = "<group>"; };
		2D1DCB341F45998000368A9E /* WBPhotoGridCell.h */ = {isa = PBXFileReference; fileEncoding = 4; lastKnownFileType = sourcecode.c.h; name = WBPhotoGridCell.h; path = WBPhotoManager/WBPhotoGridCell.h; sourceTree = "<group>"; };
		2D1DCB351F45998000368A9E /* WBPhotoGridCell.m */ = {isa = PBXFileReference; fileEncoding = 4; lastKnownFileType = sourcecode.c.objc; name = WBPhotoGridCell.m; path = WBPhotoManager/WBPhotoGridCell.m; sourceTree = "<group>"; };
		2D1DCB361F45998000368A9E /* WBPhotoGridHeaderView.h */ = {isa = PBXFileReference; fileEncoding = 4; lastKnownFileType = sourcecode.c.h; name = WBPhotoGridHeaderView.h; path = WBPhotoManager/WBPhotoGridHeaderView.h; sourceTree = "<group>"; };
		2D1DCB371F45998000368A9E /* WBPhotoGridHeaderView.m */ = {isa = PBXFileReference; fileEncoding = 4; lastKnownFileType = sourcecode.c.objc; name = WBPhotoGridHeaderView.m; path = WBPhotoManager/WBPhotoGridHeaderView.m; sourceTree = "<group>"; };
		2D1DCB381F45998000368A9E /* WBPhotoPreviewCellDelegate.h */ = {isa = PBXFileReference; fileEncoding = 4; lastKnownFileType = sourcecode.c.h; name = WBPhotoPreviewCellDelegate.h; path = WBPhotoManager/WBPhotoPreviewCellDelegate.h; sourceTree = "<group>"; };
		2D1DCB391F45998000368A9E /* WBPhotoPreviewImageCell.h */ = {isa = PBXFileReference; fileEncoding = 4; lastKnownFileType = sourcecode.c.h; name = WBPhotoPreviewImageCell.h; path = WBPhotoManager/WBPhotoPreviewImageCell.h; sourceTree = "<group>"; };
		2D1DCB3A1F45998000368A9E /* WBPhotoPreviewImageCell.m */ = {isa = PBXFileReference; fileEncoding = 4; lastKnownFileType = sourcecode.c.objc; name = WBPhotoPreviewImageCell.m; path = WBPhotoManager/WBPhotoPreviewImageCell.m; sourceTree = "<group>"; };
		2D1DCB461F459C2400368A9E /* WBAlbumListController.h */ = {isa = PBXFileReference; fileEncoding = 4; lastKnownFileType = sourcecode.c.h; name = WBAlbumListController.h; path = WBPhotoManager/WBAlbumListController.h; sourceTree = "<group>"; };
		2D1DCB471F459C2400368A9E /* WBAlbumListController.m */ = {isa = PBXFileReference; fileEncoding = 4; lastKnownFileType = sourcecode.c.objc; name = WBAlbumListController.m; path = WBPhotoManager/WBAlbumListController.m; sourceTree = "<group>"; };
		2D1DCB481F459C2400368A9E /* WBImagePickerController.h */ = {isa = PBXFileReference; fileEncoding = 4; lastKnownFileType = sourcecode.c.h; name = WBImagePickerController.h; path = WBPhotoManager/WBImagePickerController.h; sourceTree = "<group>"; };
		2D1DCB491F459C2400368A9E /* WBImagePickerController.m */ = {isa = PBXFileReference; fileEncoding = 4; lastKnownFileType = sourcecode.c.objc; name = WBImagePickerController.m; path = WBPhotoManager/WBImagePickerController.m; sourceTree = "<group>"; };
		2D1DCB4A1F459C2400368A9E /* WBPhotoGridController.h */ = {isa = PBXFileReference; fileEncoding = 4; lastKnownFileType = sourcecode.c.h; name = WBPhotoGridController.h; path = WBPhotoManager/WBPhotoGridController.h; sourceTree = "<group>"; };
		2D1DCB4B1F459C2400368A9E /* WBPhotoGridController.m */ = {isa = PBXFileReference; fileEncoding = 4; lastKnownFileType = sourcecode.c.objc; name = WBPhotoGridController.m; path = WBPhotoManager/WBPhotoGridController.m; sourceTree = "<group>"; };
		2D1DCB4C1F459C2400368A9E /* WBPhotoPreviewController.h */ = {isa = PBXFileReference; fileEncoding = 4; lastKnownFileType = sourcecode.c.h; name = WBPhotoPreviewController.h; path = WBPhotoManager/WBPhotoPreviewController.h; sourceTree = "<group>"; };
		2D1DCB4D1F459C2400368A9E /* WBPhotoPreviewController.m */ = {isa = PBXFileReference; fileEncoding = 4; lastKnownFileType = sourcecode.c.objc; name = WBPhotoPreviewController.m; path = WBPhotoManager/WBPhotoPreviewController.m; sourceTree = "<group>"; };
		2D1DCB4E1F459C2400368A9E /* WBVideoPreviewController.h */ = {isa = PBXFileReference; fileEncoding = 4; lastKnownFileType = sourcecode.c.h; name = WBVideoPreviewController.h; path = WBPhotoManager/WBVideoPreviewController.h; sourceTree = "<group>"; };
		2D1DCB4F1F459C2400368A9E /* WBVideoPreviewController.m */ = {isa = PBXFileReference; fileEncoding = 4; lastKnownFileType = sourcecode.c.objc; name = WBVideoPreviewController.m; path = WBPhotoManager/WBVideoPreviewController.m; sourceTree = "<group>"; };
		2D1DCB5B1F45A41E00368A9E /* NSDate+WBUtils.h */ = {isa = PBXFileReference; fileEncoding = 4; lastKnownFileType = sourcecode.c.h; name = "NSDate+WBUtils.h"; path = "WBPhotoManager/NSDate+WBUtils.h"; sourceTree = "<group>"; };
		2D1DCB5C1F45A41E00368A9E /* NSDate+WBUtils.m */ = {isa = PBXFileReference; fileEncoding = 4; lastKnownFileType = sourcecode.c.objc; name = "NSDate+WBUtils.m"; path = "WBPhotoManager/NSDate+WBUtils.m"; sourceTree = "<group>"; };
		2D1DCB5D1F45A41E00368A9E /* NSIndexSet+WBUtils.h */ = {isa = PBXFileReference; fileEncoding = 4; lastKnownFileType = sourcecode.c.h; name = "NSIndexSet+WBUtils.h"; path = "WBPhotoManager/NSIndexSet+WBUtils.h"; sourceTree = "<group>"; };
		2D1DCB5E1F45A41E00368A9E /* NSIndexSet+WBUtils.m */ = {isa = PBXFileReference; fileEncoding = 4; lastKnownFileType = sourcecode.c.objc; name = "NSIndexSet+WBUtils.m"; path = "WBPhotoManager/NSIndexSet+WBUtils.m"; sourceTree = "<group>"; };
		2D1DCB5F1F45A41E00368A9E /* UICollectionView+WBUtils.h */ = {isa = PBXFileReference; fileEncoding = 4; lastKnownFileType = sourcecode.c.h; name = "UICollectionView+WBUtils.h"; path = "WBPhotoManager/UICollectionView+WBUtils.h"; sourceTree = "<group>"; };
		2D1DCB601F45A41E00368A9E /* UICollectionView+WBUtils.m */ = {isa = PBXFileReference; fileEncoding = 4; lastKnownFileType = sourcecode.c.objc; name = "UICollectionView+WBUtils.m"; path = "WBPhotoManager/UICollectionView+WBUtils.m"; sourceTree = "<group>"; };
		2D1DCB611F45A41E00368A9E /* UIImage+WBUtiles.h */ = {isa = PBXFileReference; fileEncoding = 4; lastKnownFileType = sourcecode.c.h; name = "UIImage+WBUtiles.h"; path = "WBPhotoManager/UIImage+WBUtiles.h"; sourceTree = "<group>"; };
		2D1DCB621F45A41E00368A9E /* UIImage+WBUtiles.m */ = {isa = PBXFileReference; fileEncoding = 4; lastKnownFileType = sourcecode.c.objc; name = "UIImage+WBUtiles.m"; path = "WBPhotoManager/UIImage+WBUtiles.m"; sourceTree = "<group>"; };
		2D1DCB631F45A41E00368A9E /* UIView+WBUtils.h */ = {isa = PBXFileReference; fileEncoding = 4; lastKnownFileType = sourcecode.c.h; name = "UIView+WBUtils.h"; path = "WBPhotoManager/UIView+WBUtils.h"; sourceTree = "<group>"; };
		2D1DCB641F45A41E00368A9E /* UIView+WBUtils.m */ = {isa = PBXFileReference; fileEncoding = 4; lastKnownFileType = sourcecode.c.objc; name = "UIView+WBUtils.m"; path = "WBPhotoManager/UIView+WBUtils.m"; sourceTree = "<group>"; };
		2D1DCB651F45A41E00368A9E /* UIViewController+WBUtils.h */ = {isa = PBXFileReference; fileEncoding = 4; lastKnownFileType = sourcecode.c.h; name = "UIViewController+WBUtils.h"; path = "WBPhotoManager/UIViewController+WBUtils.h"; sourceTree = "<group>"; };
		2D1DCB661F45A41E00368A9E /* UIViewController+WBUtils.m */ = {isa = PBXFileReference; fileEncoding = 4; lastKnownFileType = sourcecode.c.objc; name = "UIViewController+WBUtils.m"; path = "WBPhotoManager/UIViewController+WBUtils.m"; sourceTree = "<group>"; };
		2D1DCB731F45A7CF00368A9E /* WBPhotoConfiguration.h */ = {isa = PBXFileReference; fileEncoding = 4; lastKnownFileType = sourcecode.c.h; name = WBPhotoConfiguration.h; path = WBPhotoManager/WBPhotoConfiguration.h; sourceTree = "<group>"; };
		2D1DCB741F45A7CF00368A9E /* WBPhotoConfiguration.m */ = {isa = PBXFileReference; fileEncoding = 4; lastKnownFileType = sourcecode.c.objc; name = WBPhotoConfiguration.m; path = WBPhotoManager/WBPhotoConfiguration.m; sourceTree = "<group>"; };
		2D3236181F31D75700AE340D /* WBSingletonDef.h */ = {isa = PBXFileReference; fileEncoding = 4; lastKnownFileType = sourcecode.c.h; path = WBSingletonDef.h; sourceTree = "<group>"; };
		2DDF0A921F0627A1002C032C /* MBProgressHUD+Utils.h */ = {isa = PBXFileReference; fileEncoding = 4; lastKnownFileType = sourcecode.c.h; path = "MBProgressHUD+Utils.h"; sourceTree = "<group>"; };
		2DDF0A931F0627A1002C032C /* MBProgressHUD+Utils.m */ = {isa = PBXFileReference; fileEncoding = 4; lastKnownFileType = sourcecode.c.objc; path = "MBProgressHUD+Utils.m"; sourceTree = "<group>"; };
		2DDF0A9A1F0B3000002C032C /* WBSettingMacros.h */ = {isa = PBXFileReference; fileEncoding = 4; lastKnownFileType = sourcecode.c.h; path = WBSettingMacros.h; sourceTree = "<group>"; };
		2DE9E41E1F02328B001255F4 /* libWBUtils.a */ = {isa = PBXFileReference; explicitFileType = archive.ar; includeInIndex = 0; path = libWBUtils.a; sourceTree = BUILT_PRODUCTS_DIR; };
		2DE9E4741F0256F9001255F4 /* WBMacros.h */ = {isa = PBXFileReference; fileEncoding = 4; lastKnownFileType = sourcecode.c.h; path = WBMacros.h; sourceTree = "<group>"; };
		2DE9E47B1F0267AA001255F4 /* UIColor+Utils.h */ = {isa = PBXFileReference; fileEncoding = 4; lastKnownFileType = sourcecode.c.h; path = "UIColor+Utils.h"; sourceTree = "<group>"; };
		2DE9E47C1F0267AA001255F4 /* UIColor+Utils.m */ = {isa = PBXFileReference; fileEncoding = 4; lastKnownFileType = sourcecode.c.objc; path = "UIColor+Utils.m"; sourceTree = "<group>"; };
		84AF6B73E19F93139588FA45 /* Pods-WBUtils.debug.xcconfig */ = {isa = PBXFileReference; includeInIndex = 1; lastKnownFileType = text.xcconfig; name = "Pods-WBUtils.debug.xcconfig"; path = "../Pods/Target Support Files/Pods-WBUtils/Pods-WBUtils.debug.xcconfig"; sourceTree = "<group>"; };
		8E438354F5AA655426A2D60E /* Pods-WBUtils.release.xcconfig */ = {isa = PBXFileReference; includeInIndex = 1; lastKnownFileType = text.xcconfig; name = "Pods-WBUtils.release.xcconfig"; path = "../Pods/Target Support Files/Pods-WBUtils/Pods-WBUtils.release.xcconfig"; sourceTree = "<group>"; };
		B7768CCDC077A2A15C5D2DFF /* libPods-WBUtils.a */ = {isa = PBXFileReference; explicitFileType = archive.ar; includeInIndex = 0; path = "libPods-WBUtils.a"; sourceTree = BUILT_PRODUCTS_DIR; };
/* End PBXFileReference section */

/* Begin PBXFrameworksBuildPhase section */
		2DE9E41B1F02328B001255F4 /* Frameworks */ = {
			isa = PBXFrameworksBuildPhase;
			buildActionMask = 2147483647;
			files = (
				272ACAAC5F61EFDBCA478D27 /* libPods-WBUtils.a in Frameworks */,
			);
			runOnlyForDeploymentPostprocessing = 0;
		};
/* End PBXFrameworksBuildPhase section */

/* Begin PBXGroup section */
		042F0B8BDD0325DB7EA708B1 /* Pods */ = {
			isa = PBXGroup;
			children = (
				84AF6B73E19F93139588FA45 /* Pods-WBUtils.debug.xcconfig */,
				8E438354F5AA655426A2D60E /* Pods-WBUtils.release.xcconfig */,
			);
			name = Pods;
			sourceTree = "<group>";
		};
		2D1DCAD51F43E12200368A9E /* WBRecordCircleProgressView */ = {
			isa = PBXGroup;
			children = (
				2D1DCACE1F41AB4D00368A9E /* WBRecordCircleProgressView.m */,
				2D1DCACD1F41AB4D00368A9E /* WBRecordCircleProgressView.h */,
			);
			name = WBRecordCircleProgressView;
			sourceTree = "<group>";
		};
		2D1DCAD61F43E14000368A9E /* WBTimeShowView */ = {
			isa = PBXGroup;
			children = (
				2D1DCAD11F41DD0C00368A9E /* WBTimeShowView.h */,
				2D1DCAD21F41DD0C00368A9E /* WBTimeShowView.m */,
			);
			name = WBTimeShowView;
			sourceTree = "<group>";
		};
		2D1DCAD71F43E17C00368A9E /* Category */ = {
			isa = PBXGroup;
			children = (
				2DE9E47B1F0267AA001255F4 /* UIColor+Utils.h */,
				2DE9E47C1F0267AA001255F4 /* UIColor+Utils.m */,
				2D1DCB011F44519900368A9E /* UIImage+Utils.h */,
				2D1DCB021F44519900368A9E /* UIImage+Utils.m */,
				2DDF0A921F0627A1002C032C /* MBProgressHUD+Utils.h */,
				2DDF0A931F0627A1002C032C /* MBProgressHUD+Utils.m */,
			);
			name = Category;
			sourceTree = "<group>";
		};
		2D1DCAD81F43E19400368A9E /* WBFileManager */ = {
			isa = PBXGroup;
			children = (
				2D1DCAC51F41788900368A9E /* WBFileManager.h */,
				2D1DCAC61F41788900368A9E /* WBFileManager.m */,
			);
			name = WBFileManager;
			sourceTree = "<group>";
		};
		2D1DCAD91F43E1CB00368A9E /* WBPhotoManager */ = {
			isa = PBXGroup;
			children = (
				2D1DCB141F4598E400368A9E /* WBPhotoManager.h */,
				2D1DCB151F4598E400368A9E /* WBPhotoManager.m */,
				2D1DCB121F44591000368A9E /* Controller */,
				2D1DCB131F44599600368A9E /* View */,
				2D1DCB101F4458A600368A9E /* Model */,
				2D1DCB111F4458DA00368A9E /* Header */,
				2D1DCB5A1F45A20B00368A9E /* Utils */,
			);
			name = WBPhotoManager;
			sourceTree = "<group>";
		};
		2D1DCAE41F44461600368A9E /* WBALAssetsManager */ = {
			isa = PBXGroup;
			children = (
				2D1DCADB1F43E2D800368A9E /* ALAssetsLibrary+CustomPhotoAlbum.m */,
				2D1DCADA1F43E2D800368A9E /* ALAssetsLibrary+CustomPhotoAlbum.h */,
			);
			name = WBALAssetsManager;
			sourceTree = "<group>";
		};
		2D1DCB0D1F44549600368A9E /* Supporting Files */ = {
			isa = PBXGroup;
			children = (
				2D1DCB0E1F4454EB00368A9E /* WBUtils_prefix.pch */,
			);
			name = "Supporting Files";
			sourceTree = "<group>";
		};
		2D1DCB101F4458A600368A9E /* Model */ = {
			isa = PBXGroup;
			children = (
				2D1DCB731F45A7CF00368A9E /* WBPhotoConfiguration.h */,
				2D1DCB741F45A7CF00368A9E /* WBPhotoConfiguration.m */,
				2D1DCB281F45992800368A9E /* WBPickingModel.h */,
				2D1DCB291F45992800368A9E /* WBPickingModel.m */,
				2D1DCB241F45991700368A9E /* WBMoment.h */,
				2D1DCB251F45991700368A9E /* WBMoment.m */,
				2D1DCB181F45990B00368A9E /* WBAlbumModel.h */,
				2D1DCB191F45990B00368A9E /* WBAlbumModel.m */,
				2D1DCB1A1F45990B00368A9E /* WBAssetBaseModel.h */,
				2D1DCB1B1F45990B00368A9E /* WBAssetBaseModel.m */,
				2D1DCB1C1F45990B00368A9E /* WBAssetModel.h */,
				2D1DCB1D1F45990B00368A9E /* WBAssetModel.m */,
			);
			name = Model;
			sourceTree = "<group>";
		};
		2D1DCB111F4458DA00368A9E /* Header */ = {
			isa = PBXGroup;
			children = (
				2D1DCB2C1F45993E00368A9E /* WBPhotoManagerHeader.h */,
				2D1DCB2E1F45994A00368A9E /* WBPhotoManagerEnumeration.h */,
			);
			name = Header;
			sourceTree = "<group>";
		};
		2D1DCB121F44591000368A9E /* Controller */ = {
			isa = PBXGroup;
			children = (
				2D1DCB461F459C2400368A9E /* WBAlbumListController.h */,
				2D1DCB471F459C2400368A9E /* WBAlbumListController.m */,
				2D1DCB481F459C2400368A9E /* WBImagePickerController.h */,
				2D1DCB491F459C2400368A9E /* WBImagePickerController.m */,
				2D1DCB4A1F459C2400368A9E /* WBPhotoGridController.h */,
				2D1DCB4B1F459C2400368A9E /* WBPhotoGridController.m */,
				2D1DCB4C1F459C2400368A9E /* WBPhotoPreviewController.h */,
				2D1DCB4D1F459C2400368A9E /* WBPhotoPreviewController.m */,
				2D1DCB4E1F459C2400368A9E /* WBVideoPreviewController.h */,
				2D1DCB4F1F459C2400368A9E /* WBVideoPreviewController.m */,
			);
			name = Controller;
			sourceTree = "<group>";
		};
		2D1DCB131F44599600368A9E /* View */ = {
			isa = PBXGroup;
			children = (
				2D1DCB301F45998000368A9E /* WBAlbumListCell.h */,
				2D1DCB311F45998000368A9E /* WBAlbumListCell.m */,
				2D1DCB321F45998000368A9E /* WBCameraView.h */,
				2D1DCB331F45998000368A9E /* WBCameraView.m */,
				2D1DCB341F45998000368A9E /* WBPhotoGridCell.h */,
				2D1DCB351F45998000368A9E /* WBPhotoGridCell.m */,
				2D1DCB361F45998000368A9E /* WBPhotoGridHeaderView.h */,
				2D1DCB371F45998000368A9E /* WBPhotoGridHeaderView.m */,
				2D1DCB381F45998000368A9E /* WBPhotoPreviewCellDelegate.h */,
				2D1DCB391F45998000368A9E /* WBPhotoPreviewImageCell.h */,
				2D1DCB3A1F45998000368A9E /* WBPhotoPreviewImageCell.m */,
			);
			name = View;
			sourceTree = "<group>";
		};
		2D1DCB5A1F45A20B00368A9E /* Utils */ = {
			isa = PBXGroup;
			children = (
				2D1DCB5B1F45A41E00368A9E /* NSDate+WBUtils.h */,
				2D1DCB5C1F45A41E00368A9E /* NSDate+WBUtils.m */,
				2D1DCB5D1F45A41E00368A9E /* NSIndexSet+WBUtils.h */,
				2D1DCB5E1F45A41E00368A9E /* NSIndexSet+WBUtils.m */,
				2D1DCB5F1F45A41E00368A9E /* UICollectionView+WBUtils.h */,
				2D1DCB601F45A41E00368A9E /* UICollectionView+WBUtils.m */,
				2D1DCB611F45A41E00368A9E /* UIImage+WBUtiles.h */,
				2D1DCB621F45A41E00368A9E /* UIImage+WBUtiles.m */,
				2D1DCB631F45A41E00368A9E /* UIView+WBUtils.h */,
				2D1DCB641F45A41E00368A9E /* UIView+WBUtils.m */,
				2D1DCB651F45A41E00368A9E /* UIViewController+WBUtils.h */,
				2D1DCB661F45A41E00368A9E /* UIViewController+WBUtils.m */,
			);
			name = Utils;
			sourceTree = "<group>";
		};
		2DE9E4151F02328B001255F4 = {
			isa = PBXGroup;
			children = (
				2DE9E4201F02328B001255F4 /* WBUtils */,
				2D1DCB0D1F44549600368A9E /* Supporting Files */,
				2DE9E41F1F02328B001255F4 /* Products */,
				042F0B8BDD0325DB7EA708B1 /* Pods */,
				B55CB60330D7ED1053196C94 /* Frameworks */,
			);
			sourceTree = "<group>";
		};
		2DE9E41F1F02328B001255F4 /* Products */ = {
			isa = PBXGroup;
			children = (
				2DE9E41E1F02328B001255F4 /* libWBUtils.a */,
			);
			name = Products;
			sourceTree = "<group>";
		};
		2DE9E4201F02328B001255F4 /* WBUtils */ = {
			isa = PBXGroup;
			children = (
				2DDF0A9A1F0B3000002C032C /* WBSettingMacros.h */,
				2DE9E4741F0256F9001255F4 /* WBMacros.h */,
				2D3236181F31D75700AE340D /* WBSingletonDef.h */,
				2D1DCAE41F44461600368A9E /* WBALAssetsManager */,
				2D1DCAD91F43E1CB00368A9E /* WBPhotoManager */,
				2D1DCAD81F43E19400368A9E /* WBFileManager */,
				2D1DCAD61F43E14000368A9E /* WBTimeShowView */,
				2D1DCAD51F43E12200368A9E /* WBRecordCircleProgressView */,
				2D1DCAD71F43E17C00368A9E /* Category */,
			);
			path = WBUtils;
			sourceTree = "<group>";
		};
		B55CB60330D7ED1053196C94 /* Frameworks */ = {
			isa = PBXGroup;
			children = (
				B7768CCDC077A2A15C5D2DFF /* libPods-WBUtils.a */,
			);
			name = Frameworks;
			sourceTree = "<group>";
		};
/* End PBXGroup section */

/* Begin PBXHeadersBuildPhase section */
		2DE9E4771F025772001255F4 /* Headers */ = {
			isa = PBXHeadersBuildPhase;
			buildActionMask = 2147483647;
			files = (
				2D1DCB6B1F45A41E00368A9E /* UICollectionView+WBUtils.h in Headers */,
				2D1DCB3D1F45998000368A9E /* WBCameraView.h in Headers */,
				2D32361A1F31D75700AE340D /* WBSingletonDef.h in Headers */,
				2D1DCB751F45A7CF00368A9E /* WBPhotoConfiguration.h in Headers */,
				2D1DCB541F459C2400368A9E /* WBPhotoGridController.h in Headers */,
				2D1DCB431F45998000368A9E /* WBPhotoPreviewCellDelegate.h in Headers */,
				2D1DCB691F45A41E00368A9E /* NSIndexSet+WBUtils.h in Headers */,
				2D1DCB3F1F45998000368A9E /* WBPhotoGridCell.h in Headers */,
				2D1DCB261F45991700368A9E /* WBMoment.h in Headers */,
				2D1DCB2D1F45993E00368A9E /* WBPhotoManagerHeader.h in Headers */,
				2D1DCACF1F41AB4D00368A9E /* WBRecordCircleProgressView.h in Headers */,
				2D1DCB521F459C2400368A9E /* WBImagePickerController.h in Headers */,
				2D1DCB221F45990B00368A9E /* WBAssetModel.h in Headers */,
				2D1DCB2A1F45992800368A9E /* WBPickingModel.h in Headers */,
				2D1DCAC71F41788900368A9E /* WBFileManager.h in Headers */,
				2D1DCB161F4598E400368A9E /* WBPhotoManager.h in Headers */,
				2D1DCAD31F41DD0C00368A9E /* WBTimeShowView.h in Headers */,
				2D1DCB6D1F45A41E00368A9E /* UIImage+WBUtiles.h in Headers */,
				2D1DCB671F45A41E00368A9E /* NSDate+WBUtils.h in Headers */,
				2D1DCB6F1F45A41E00368A9E /* UIView+WBUtils.h in Headers */,
				2D1DCB711F45A41E00368A9E /* UIViewController+WBUtils.h in Headers */,
				2D1DCB501F459C2400368A9E /* WBAlbumListController.h in Headers */,
				2D1DCADC1F43E2D800368A9E /* ALAssetsLibrary+CustomPhotoAlbum.h in Headers */,
				2D1DCB3B1F45998000368A9E /* WBAlbumListCell.h in Headers */,
				2D1DCB581F459C2400368A9E /* WBVideoPreviewController.h in Headers */,
				2D1DCB031F44519900368A9E /* UIImage+Utils.h in Headers */,
				2D1DCB0F1F4454EB00368A9E /* WBUtils_prefix.pch in Headers */,
				2D1DCB2F1F45994A00368A9E /* WBPhotoManagerEnumeration.h in Headers */,
				2DE9E47D1F0267AA001255F4 /* UIColor+Utils.h in Headers */,
				2DDF0A941F0627A1002C032C /* MBProgressHUD+Utils.h in Headers */,
				2D1DCB441F45998000368A9E /* WBPhotoPreviewImageCell.h in Headers */,
				2DDF0A9C1F0B3000002C032C /* WBSettingMacros.h in Headers */,
				2D1DCB561F459C2400368A9E /* WBPhotoPreviewController.h in Headers */,
				2D1DCB201F45990B00368A9E /* WBAssetBaseModel.h in Headers */,
				2D1DCB1E1F45990B00368A9E /* WBAlbumModel.h in Headers */,
				2DE9E4781F025778001255F4 /* WBMacros.h in Headers */,
				2D1DCB411F45998000368A9E /* WBPhotoGridHeaderView.h in Headers */,
			);
			runOnlyForDeploymentPostprocessing = 0;
		};
/* End PBXHeadersBuildPhase section */

/* Begin PBXNativeTarget section */
		2DE9E41D1F02328B001255F4 /* WBUtils */ = {
			isa = PBXNativeTarget;
			buildConfigurationList = 2DE9E4271F02328B001255F4 /* Build configuration list for PBXNativeTarget "WBUtils" */;
			buildPhases = (
				89E9C61FBB98F5DCAB894D10 /* [CP] Check Pods Manifest.lock */,
				2DE9E41A1F02328B001255F4 /* Sources */,
				2DE9E41B1F02328B001255F4 /* Frameworks */,
				2DE9E41C1F02328B001255F4 /* CopyFiles */,
				2DE9E4771F025772001255F4 /* Headers */,
				44F60BF3E9DCDECE6F5B2DF9 /* [CP] Copy Pods Resources */,
			);
			buildRules = (
			);
			dependencies = (
			);
			name = WBUtils;
			productName = WBUtils;
			productReference = 2DE9E41E1F02328B001255F4 /* libWBUtils.a */;
			productType = "com.apple.product-type.library.static";
		};
/* End PBXNativeTarget section */

/* Begin PBXProject section */
		2DE9E4161F02328B001255F4 /* Project object */ = {
			isa = PBXProject;
			attributes = {
				LastUpgradeCheck = 0830;
				ORGANIZATIONNAME = "王博";
				TargetAttributes = {
					2DE9E41D1F02328B001255F4 = {
						CreatedOnToolsVersion = 8.3.3;
						DevelopmentTeam = 8D7826FKHD;
						ProvisioningStyle = Automatic;
					};
				};
			};
			buildConfigurationList = 2DE9E4191F02328B001255F4 /* Build configuration list for PBXProject "WBUtils" */;
			compatibilityVersion = "Xcode 3.2";
			developmentRegion = English;
			hasScannedForEncodings = 0;
			knownRegions = (
				en,
			);
			mainGroup = 2DE9E4151F02328B001255F4;
			productRefGroup = 2DE9E41F1F02328B001255F4 /* Products */;
			projectDirPath = "";
			projectRoot = "";
			targets = (
				2DE9E41D1F02328B001255F4 /* WBUtils */,
			);
		};
/* End PBXProject section */

/* Begin PBXShellScriptBuildPhase section */
		44F60BF3E9DCDECE6F5B2DF9 /* [CP] Copy Pods Resources */ = {
			isa = PBXShellScriptBuildPhase;
			buildActionMask = 2147483647;
			files = (
			);
			inputPaths = (
			);
			name = "[CP] Copy Pods Resources";
			outputPaths = (
			);
			runOnlyForDeploymentPostprocessing = 0;
			shellPath = /bin/sh;
			shellScript = "\"${SRCROOT}/../Pods/Target Support Files/Pods-WBUtils/Pods-WBUtils-resources.sh\"\n";
			showEnvVarsInLog = 0;
		};
		89E9C61FBB98F5DCAB894D10 /* [CP] Check Pods Manifest.lock */ = {
			isa = PBXShellScriptBuildPhase;
			buildActionMask = 2147483647;
			files = (
			);
			inputPaths = (
			);
			name = "[CP] Check Pods Manifest.lock";
			outputPaths = (
			);
			runOnlyForDeploymentPostprocessing = 0;
			shellPath = /bin/sh;
			shellScript = "diff \"${PODS_ROOT}/../Podfile.lock\" \"${PODS_ROOT}/Manifest.lock\" > /dev/null\nif [ $? != 0 ] ; then\n    # print error to STDERR\n    echo \"error: The sandbox is not in sync with the Podfile.lock. Run 'pod install' or update your CocoaPods installation.\" >&2\n    exit 1\nfi\n";
			showEnvVarsInLog = 0;
		};
/* End PBXShellScriptBuildPhase section */

/* Begin PBXSourcesBuildPhase section */
		2DE9E41A1F02328B001255F4 /* Sources */ = {
			isa = PBXSourcesBuildPhase;
			buildActionMask = 2147483647;
			files = (
				2D1DCB6A1F45A41E00368A9E /* NSIndexSet+WBUtils.m in Sources */,
				2DDF0A951F0627A1002C032C /* MBProgressHUD+Utils.m in Sources */,
				2D1DCB761F45A7CF00368A9E /* WBPhotoConfiguration.m in Sources */,
				2D1DCB421F45998000368A9E /* WBPhotoGridHeaderView.m in Sources */,
				2D1DCB6C1F45A41E00368A9E /* UICollectionView+WBUtils.m in Sources */,
				2D1DCB511F459C2400368A9E /* WBAlbumListController.m in Sources */,
				2D1DCB041F44519900368A9E /* UIImage+Utils.m in Sources */,
				2D1DCB271F45991700368A9E /* WBMoment.m in Sources */,
				2D1DCB211F45990B00368A9E /* WBAssetBaseModel.m in Sources */,
				2D1DCB1F1F45990B00368A9E /* WBAlbumModel.m in Sources */,
				2D1DCB401F45998000368A9E /* WBPhotoGridCell.m in Sources */,
				2D1DCB231F45990B00368A9E /* WBAssetModel.m in Sources */,
				2D1DCB171F4598E400368A9E /* WBPhotoManager.m in Sources */,
				2D1DCB3E1F45998000368A9E /* WBCameraView.m in Sources */,
				2D1DCB2B1F45992800368A9E /* WBPickingModel.m in Sources */,
				2D1DCB6E1F45A41E00368A9E /* UIImage+WBUtiles.m in Sources */,
				2D1DCAC81F41788900368A9E /* WBFileManager.m in Sources */,
				2D1DCAD41F41DD0D00368A9E /* WBTimeShowView.m in Sources */,
				2D1DCB531F459C2400368A9E /* WBImagePickerController.m in Sources */,
				2D1DCB681F45A41E00368A9E /* NSDate+WBUtils.m in Sources */,
				2D1DCB3C1F45998000368A9E /* WBAlbumListCell.m in Sources */,
				2D1DCAD01F41AB4D00368A9E /* WBRecordCircleProgressView.m in Sources */,
				2DE9E47E1F0267AA001255F4 /* UIColor+Utils.m in Sources */,
				2D1DCB451F45998000368A9E /* WBPhotoPreviewImageCell.m in Sources */,
				2D1DCADD1F43E2D800368A9E /* ALAssetsLibrary+CustomPhotoAlbum.m in Sources */,
				2D1DCB721F45A41E00368A9E /* UIViewController+WBUtils.m in Sources */,
				2D1DCB591F459C2400368A9E /* WBVideoPreviewController.m in Sources */,
				2D1DCB701F45A41E00368A9E /* UIView+WBUtils.m in Sources */,
				2D1DCB571F459C2400368A9E /* WBPhotoPreviewController.m in Sources */,
				2D1DCB551F459C2400368A9E /* WBPhotoGridController.m in Sources */,
			);
			runOnlyForDeploymentPostprocessing = 0;
		};
/* End PBXSourcesBuildPhase section */

/* Begin XCBuildConfiguration section */
		2DE9E4251F02328B001255F4 /* Debug */ = {
			isa = XCBuildConfiguration;
			buildSettings = {
				ALWAYS_SEARCH_USER_PATHS = NO;
				CLANG_ANALYZER_NONNULL = YES;
				CLANG_ANALYZER_NUMBER_OBJECT_CONVERSION = YES_AGGRESSIVE;
				CLANG_CXX_LANGUAGE_STANDARD = "gnu++0x";
				CLANG_CXX_LIBRARY = "libc++";
				CLANG_ENABLE_MODULES = YES;
				CLANG_ENABLE_OBJC_ARC = YES;
				CLANG_WARN_BOOL_CONVERSION = YES;
				CLANG_WARN_CONSTANT_CONVERSION = YES;
				CLANG_WARN_DIRECT_OBJC_ISA_USAGE = YES_ERROR;
				CLANG_WARN_DOCUMENTATION_COMMENTS = YES;
				CLANG_WARN_EMPTY_BODY = YES;
				CLANG_WARN_ENUM_CONVERSION = YES;
				CLANG_WARN_INFINITE_RECURSION = YES;
				CLANG_WARN_INT_CONVERSION = YES;
				CLANG_WARN_OBJC_ROOT_CLASS = YES_ERROR;
				CLANG_WARN_SUSPICIOUS_MOVE = YES;
				CLANG_WARN_UNREACHABLE_CODE = YES;
				CLANG_WARN__DUPLICATE_METHOD_MATCH = YES;
				"CODE_SIGN_IDENTITY[sdk=iphoneos*]" = "iPhone Developer";
				COPY_PHASE_STRIP = NO;
				DEBUG_INFORMATION_FORMAT = dwarf;
				ENABLE_STRICT_OBJC_MSGSEND = YES;
				ENABLE_TESTABILITY = YES;
				GCC_C_LANGUAGE_STANDARD = gnu99;
				GCC_DYNAMIC_NO_PIC = NO;
				GCC_NO_COMMON_BLOCKS = YES;
				GCC_OPTIMIZATION_LEVEL = 0;
				GCC_PREFIX_HEADER = "$(SRCROOT)/WBUtils/WBUtils_prefix.pch";
				GCC_PREPROCESSOR_DEFINITIONS = (
					"DEBUG=1",
					"$(inherited)",
				);
				GCC_WARN_64_TO_32_BIT_CONVERSION = YES;
				GCC_WARN_ABOUT_RETURN_TYPE = YES_ERROR;
				GCC_WARN_UNDECLARED_SELECTOR = YES;
				GCC_WARN_UNINITIALIZED_AUTOS = YES_AGGRESSIVE;
				GCC_WARN_UNUSED_FUNCTION = YES;
				GCC_WARN_UNUSED_VARIABLE = YES;
				IPHONEOS_DEPLOYMENT_TARGET = 8.0;
				MTL_ENABLE_DEBUG_INFO = YES;
				ONLY_ACTIVE_ARCH = YES;
				OTHER_LDFLAGS = "$(inherited)";
				SDKROOT = iphoneos;
			};
			name = Debug;
		};
		2DE9E4261F02328B001255F4 /* Release */ = {
			isa = XCBuildConfiguration;
			buildSettings = {
				ALWAYS_SEARCH_USER_PATHS = NO;
				CLANG_ANALYZER_NONNULL = YES;
				CLANG_ANALYZER_NUMBER_OBJECT_CONVERSION = YES_AGGRESSIVE;
				CLANG_CXX_LANGUAGE_STANDARD = "gnu++0x";
				CLANG_CXX_LIBRARY = "libc++";
				CLANG_ENABLE_MODULES = YES;
				CLANG_ENABLE_OBJC_ARC = YES;
				CLANG_WARN_BOOL_CONVERSION = YES;
				CLANG_WARN_CONSTANT_CONVERSION = YES;
				CLANG_WARN_DIRECT_OBJC_ISA_USAGE = YES_ERROR;
				CLANG_WARN_DOCUMENTATION_COMMENTS = YES;
				CLANG_WARN_EMPTY_BODY = YES;
				CLANG_WARN_ENUM_CONVERSION = YES;
				CLANG_WARN_INFINITE_RECURSION = YES;
				CLANG_WARN_INT_CONVERSION = YES;
				CLANG_WARN_OBJC_ROOT_CLASS = YES_ERROR;
				CLANG_WARN_SUSPICIOUS_MOVE = YES;
				CLANG_WARN_UNREACHABLE_CODE = YES;
				CLANG_WARN__DUPLICATE_METHOD_MATCH = YES;
				"CODE_SIGN_IDENTITY[sdk=iphoneos*]" = "iPhone Developer";
				COPY_PHASE_STRIP = NO;
				DEBUG_INFORMATION_FORMAT = "dwarf-with-dsym";
				ENABLE_NS_ASSERTIONS = NO;
				ENABLE_STRICT_OBJC_MSGSEND = YES;
				GCC_C_LANGUAGE_STANDARD = gnu99;
				GCC_NO_COMMON_BLOCKS = YES;
				GCC_PREFIX_HEADER = "$(SRCROOT)/WBUtils/WBUtils_prefix.pch";
				GCC_WARN_64_TO_32_BIT_CONVERSION = YES;
				GCC_WARN_ABOUT_RETURN_TYPE = YES_ERROR;
				GCC_WARN_UNDECLARED_SELECTOR = YES;
				GCC_WARN_UNINITIALIZED_AUTOS = YES_AGGRESSIVE;
				GCC_WARN_UNUSED_FUNCTION = YES;
				GCC_WARN_UNUSED_VARIABLE = YES;
				IPHONEOS_DEPLOYMENT_TARGET = 8.0;
				MTL_ENABLE_DEBUG_INFO = NO;
				OTHER_LDFLAGS = "$(inherited)";
				SDKROOT = iphoneos;
				VALIDATE_PRODUCT = YES;
			};
			name = Release;
		};
		2DE9E4281F02328B001255F4 /* Debug */ = {
			isa = XCBuildConfiguration;
			baseConfigurationReference = 84AF6B73E19F93139588FA45 /* Pods-WBUtils.debug.xcconfig */;
			buildSettings = {
				DEVELOPMENT_TEAM = 8D7826FKHD;
				HEADER_SEARCH_PATHS = "$(inherited)";
				OTHER_LDFLAGS = "$(inherited)";
				OTHER_LIBTOOLFLAGS = "";
				PRODUCT_NAME = "$(TARGET_NAME)";
				SKIP_INSTALL = YES;
			};
			name = Debug;
		};
		2DE9E4291F02328B001255F4 /* Release */ = {
			isa = XCBuildConfiguration;
			baseConfigurationReference = 8E438354F5AA655426A2D60E /* Pods-WBUtils.release.xcconfig */;
			buildSettings = {
				DEVELOPMENT_TEAM = 8D7826FKHD;
				HEADER_SEARCH_PATHS = "$(inherited)";
				OTHER_LDFLAGS = "$(inherited)";
				OTHER_LIBTOOLFLAGS = "";
				PRODUCT_NAME = "$(TARGET_NAME)";
				SKIP_INSTALL = YES;
			};
			name = Release;
		};
/* End XCBuildConfiguration section */

/* Begin XCConfigurationList section */
		2DE9E4191F02328B001255F4 /* Build configuration list for PBXProject "WBUtils" */ = {
			isa = XCConfigurationList;
			buildConfigurations = (
				2DE9E4251F02328B001255F4 /* Debug */,
				2DE9E4261F02328B001255F4 /* Release */,
			);
			defaultConfigurationIsVisible = 0;
			defaultConfigurationName = Release;
		};
		2DE9E4271F02328B001255F4 /* Build configuration list for PBXNativeTarget "WBUtils" */ = {
			isa = XCConfigurationList;
			buildConfigurations = (
				2DE9E4281F02328B001255F4 /* Debug */,
				2DE9E4291F02328B001255F4 /* Release */,
			);
			defaultConfigurationIsVisible = 0;
			defaultConfigurationName = Release;
		};
/* End XCConfigurationList section */
	};
	rootObject = 2DE9E4161F02328B001255F4 /* Project object */;
}
