// !$*UTF8*$!
{
	archiveVersion = 1;
	classes = {
	};
	objectVersion = 46;
	objects = {

/* Begin PBXBuildFile section */
		10F3C536D578798CC771231D /* libPods-WBAVNativePlayer.a in Frameworks */ = {isa = PBXBuildFile; fileRef = C68CAA29B1B94A0329856896 /* libPods-WBAVNativePlayer.a */; };
		2DDB32A31F03B0E800DBA59B /* WBNativePlayerViewController.m in Sources */ = {isa = PBXBuildFile; fileRef = 2DDB32A21F03B0E800DBA59B /* WBNativePlayerViewController.m */; };
		2DDB32B81F03BAEE00DBA59B /* WBNativePlayerViewController.h in Headers */ = {isa = PBXBuildFile; fileRef = 2DDB32A11F03B0E800DBA59B /* WBNativePlayerViewController.h */; settings = {ATTRIBUTES = (Public, ); }; };
		2DE9E4B81F039724001255F4 /* WBAVNativePlayer.m in Sources */ = {isa = PBXBuildFile; fileRef = 2DE9E4B71F039724001255F4 /* WBAVNativePlayer.m */; };
		2DE9E4B91F039724001255F4 /* WBAVNativePlayer.h in CopyFiles */ = {isa = PBXBuildFile; fileRef = 2DE9E4B61F039724001255F4 /* WBAVNativePlayer.h */; };
/* End PBXBuildFile section */

/* Begin PBXCopyFilesBuildPhase section */
		2DE9E4B11F039724001255F4 /* CopyFiles */ = {
			isa = PBXCopyFilesBuildPhase;
			buildActionMask = 2147483647;
			dstPath = "include/$(PRODUCT_NAME)";
			dstSubfolderSpec = 16;
			files = (
				2DE9E4B91F039724001255F4 /* WBAVNativePlayer.h in CopyFiles */,
			);
			runOnlyForDeploymentPostprocessing = 0;
		};
/* End PBXCopyFilesBuildPhase section */

/* Begin PBXFileReference section */
		2DDB32A11F03B0E800DBA59B /* WBNativePlayerViewController.h */ = {isa = PBXFileReference; fileEncoding = 4; lastKnownFileType = sourcecode.c.h; path = WBNativePlayerViewController.h; sourceTree = "<group>"; };
		2DDB32A21F03B0E800DBA59B /* WBNativePlayerViewController.m */ = {isa = PBXFileReference; fileEncoding = 4; lastKnownFileType = sourcecode.c.objc; path = WBNativePlayerViewController.m; sourceTree = "<group>"; };
		2DE9E4B31F039724001255F4 /* libWBAVNativePlayer.a */ = {isa = PBXFileReference; explicitFileType = archive.ar; includeInIndex = 0; path = libWBAVNativePlayer.a; sourceTree = BUILT_PRODUCTS_DIR; };
		2DE9E4B61F039724001255F4 /* WBAVNativePlayer.h */ = {isa = PBXFileReference; lastKnownFileType = sourcecode.c.h; path = WBAVNativePlayer.h; sourceTree = "<group>"; };
		2DE9E4B71F039724001255F4 /* WBAVNativePlayer.m */ = {isa = PBXFileReference; lastKnownFileType = sourcecode.c.objc; path = WBAVNativePlayer.m; sourceTree = "<group>"; };
		C0AD6C6CC43DF702768815D4 /* Pods-WBAVNativePlayer.debug.xcconfig */ = {isa = PBXFileReference; includeInIndex = 1; lastKnownFileType = text.xcconfig; name = "Pods-WBAVNativePlayer.debug.xcconfig"; path = "../Pods/Target Support Files/Pods-WBAVNativePlayer/Pods-WBAVNativePlayer.debug.xcconfig"; sourceTree = "<group>"; };
		C68CAA29B1B94A0329856896 /* libPods-WBAVNativePlayer.a */ = {isa = PBXFileReference; explicitFileType = archive.ar; includeInIndex = 0; path = "libPods-WBAVNativePlayer.a"; sourceTree = BUILT_PRODUCTS_DIR; };
		F682E1060C4943F2D4D03489 /* Pods-WBAVNativePlayer.release.xcconfig */ = {isa = PBXFileReference; includeInIndex = 1; lastKnownFileType = text.xcconfig; name = "Pods-WBAVNativePlayer.release.xcconfig"; path = "../Pods/Target Support Files/Pods-WBAVNativePlayer/Pods-WBAVNativePlayer.release.xcconfig"; sourceTree = "<group>"; };
/* End PBXFileReference section */

/* Begin PBXFrameworksBuildPhase section */
		2DE9E4B01F039724001255F4 /* Frameworks */ = {
			isa = PBXFrameworksBuildPhase;
			buildActionMask = 2147483647;
			files = (
				10F3C536D578798CC771231D /* libPods-WBAVNativePlayer.a in Frameworks */,
			);
			runOnlyForDeploymentPostprocessing = 0;
		};
/* End PBXFrameworksBuildPhase section */

/* Begin PBXGroup section */
		0F0C0466D4D2BE116AE020A6 /* Pods */ = {
			isa = PBXGroup;
			children = (
				C0AD6C6CC43DF702768815D4 /* Pods-WBAVNativePlayer.debug.xcconfig */,
				F682E1060C4943F2D4D03489 /* Pods-WBAVNativePlayer.release.xcconfig */,
			);
			name = Pods;
			sourceTree = "<group>";
		};
		2DE9E4AA1F039724001255F4 = {
			isa = PBXGroup;
			children = (
				2DE9E4B51F039724001255F4 /* WBAVNativePlayer */,
				2DE9E4B41F039724001255F4 /* Products */,
				0F0C0466D4D2BE116AE020A6 /* Pods */,
				F602B922ACA8B19CD9598BAA /* Frameworks */,
			);
			sourceTree = "<group>";
		};
		2DE9E4B41F039724001255F4 /* Products */ = {
			isa = PBXGroup;
			children = (
				2DE9E4B31F039724001255F4 /* libWBAVNativePlayer.a */,
			);
			name = Products;
			sourceTree = "<group>";
		};
		2DE9E4B51F039724001255F4 /* WBAVNativePlayer */ = {
			isa = PBXGroup;
			children = (
				2DE9E4B61F039724001255F4 /* WBAVNativePlayer.h */,
				2DE9E4B71F039724001255F4 /* WBAVNativePlayer.m */,
				2DDB32A11F03B0E800DBA59B /* WBNativePlayerViewController.h */,
				2DDB32A21F03B0E800DBA59B /* WBNativePlayerViewController.m */,
			);
			path = WBAVNativePlayer;
			sourceTree = "<group>";
		};
		F602B922ACA8B19CD9598BAA /* Frameworks */ = {
			isa = PBXGroup;
			children = (
				C68CAA29B1B94A0329856896 /* libPods-WBAVNativePlayer.a */,
			);
			name = Frameworks;
			sourceTree = "<group>";
		};
/* End PBXGroup section */

/* Begin PBXHeadersBuildPhase section */
		2DDB32B71F03BAE900DBA59B /* Headers */ = {
			isa = PBXHeadersBuildPhase;
			buildActionMask = 2147483647;
			files = (
				2DDB32B81F03BAEE00DBA59B /* WBNativePlayerViewController.h in Headers */,
			);
			runOnlyForDeploymentPostprocessing = 0;
		};
/* End PBXHeadersBuildPhase section */

/* Begin PBXNativeTarget section */
		2DE9E4B21F039724001255F4 /* WBAVNativePlayer */ = {
			isa = PBXNativeTarget;
			buildConfigurationList = 2DE9E4BC1F039724001255F4 /* Build configuration list for PBXNativeTarget "WBAVNativePlayer" */;
			buildPhases = (
				DB98BD0E6A9D46D086826D59 /* [CP] Check Pods Manifest.lock */,
				2DE9E4AF1F039724001255F4 /* Sources */,
				2DE9E4B01F039724001255F4 /* Frameworks */,
				2DE9E4B11F039724001255F4 /* CopyFiles */,
				2DDB32B71F03BAE900DBA59B /* Headers */,
				2596F91CA4486FFA180CC588 /* [CP] Copy Pods Resources */,
			);
			buildRules = (
			);
			dependencies = (
			);
			name = WBAVNativePlayer;
			productName = WBAVNativePlayer;
			productReference = 2DE9E4B31F039724001255F4 /* libWBAVNativePlayer.a */;
			productType = "com.apple.product-type.library.static";
		};
/* End PBXNativeTarget section */

/* Begin PBXProject section */
		2DE9E4AB1F039724001255F4 /* Project object */ = {
			isa = PBXProject;
			attributes = {
				LastUpgradeCheck = 0830;
				ORGANIZATIONNAME = "王博";
				TargetAttributes = {
					2DE9E4B21F039724001255F4 = {
						CreatedOnToolsVersion = 8.3.3;
						DevelopmentTeam = 8D7826FKHD;
						ProvisioningStyle = Automatic;
					};
				};
			};
			buildConfigurationList = 2DE9E4AE1F039724001255F4 /* Build configuration list for PBXProject "WBAVNativePlayer" */;
			compatibilityVersion = "Xcode 3.2";
			developmentRegion = English;
			hasScannedForEncodings = 0;
			knownRegions = (
				en,
			);
			mainGroup = 2DE9E4AA1F039724001255F4;
			productRefGroup = 2DE9E4B41F039724001255F4 /* Products */;
			projectDirPath = "";
			projectRoot = "";
			targets = (
				2DE9E4B21F039724001255F4 /* WBAVNativePlayer */,
			);
		};
/* End PBXProject section */

/* Begin PBXShellScriptBuildPhase section */
		2596F91CA4486FFA180CC588 /* [CP] Copy Pods Resources */ = {
			isa = PBXShellScriptBuildPhase;
			buildActionMask = 2147483647;
			files = (
			);
			inputPaths = (
			);
			name = "[CP] Copy Pods Resources";
			outputPaths = (
			);
			runOnlyForDeploymentPostprocessing = 0;
			shellPath = /bin/sh;
			shellScript = "\"${SRCROOT}/../Pods/Target Support Files/Pods-WBAVNativePlayer/Pods-WBAVNativePlayer-resources.sh\"\n";
			showEnvVarsInLog = 0;
		};
		DB98BD0E6A9D46D086826D59 /* [CP] Check Pods Manifest.lock */ = {
			isa = PBXShellScriptBuildPhase;
			buildActionMask = 2147483647;
			files = (
			);
			inputPaths = (
			);
			name = "[CP] Check Pods Manifest.lock";
			outputPaths = (
			);
			runOnlyForDeploymentPostprocessing = 0;
			shellPath = /bin/sh;
			shellScript = "diff \"${PODS_ROOT}/../Podfile.lock\" \"${PODS_ROOT}/Manifest.lock\" > /dev/null\nif [ $? != 0 ] ; then\n    # print error to STDERR\n    echo \"error: The sandbox is not in sync with the Podfile.lock. Run 'pod install' or update your CocoaPods installation.\" >&2\n    exit 1\nfi\n";
			showEnvVarsInLog = 0;
		};
/* End PBXShellScriptBuildPhase section */

/* Begin PBXSourcesBuildPhase section */
		2DE9E4AF1F039724001255F4 /* Sources */ = {
			isa = PBXSourcesBuildPhase;
			buildActionMask = 2147483647;
			files = (
				2DE9E4B81F039724001255F4 /* WBAVNativePlayer.m in Sources */,
				2DDB32A31F03B0E800DBA59B /* WBNativePlayerViewController.m in Sources */,
			);
			runOnlyForDeploymentPostprocessing = 0;
		};
/* End PBXSourcesBuildPhase section */

/* Begin XCBuildConfiguration section */
		2DE9E4BA1F039724001255F4 /* Debug */ = {
			isa = XCBuildConfiguration;
			buildSettings = {
				ALWAYS_SEARCH_USER_PATHS = NO;
				CLANG_ANALYZER_NONNULL = YES;
				CLANG_ANALYZER_NUMBER_OBJECT_CONVERSION = YES_AGGRESSIVE;
				CLANG_CXX_LANGUAGE_STANDARD = "gnu++0x";
				CLANG_CXX_LIBRARY = "libc++";
				CLANG_ENABLE_MODULES = YES;
				CLANG_ENABLE_OBJC_ARC = YES;
				CLANG_WARN_BOOL_CONVERSION = YES;
				CLANG_WARN_CONSTANT_CONVERSION = YES;
				CLANG_WARN_DIRECT_OBJC_ISA_USAGE = YES_ERROR;
				CLANG_WARN_DOCUMENTATION_COMMENTS = YES;
				CLANG_WARN_EMPTY_BODY = YES;
				CLANG_WARN_ENUM_CONVERSION = YES;
				CLANG_WARN_INFINITE_RECURSION = YES;
				CLANG_WARN_INT_CONVERSION = YES;
				CLANG_WARN_OBJC_ROOT_CLASS = YES_ERROR;
				CLANG_WARN_SUSPICIOUS_MOVE = YES;
				CLANG_WARN_UNREACHABLE_CODE = YES;
				CLANG_WARN__DUPLICATE_METHOD_MATCH = YES;
				"CODE_SIGN_IDENTITY[sdk=iphoneos*]" = "iPhone Developer";
				COPY_PHASE_STRIP = NO;
				DEBUG_INFORMATION_FORMAT = dwarf;
				ENABLE_STRICT_OBJC_MSGSEND = YES;
				ENABLE_TESTABILITY = YES;
				GCC_C_LANGUAGE_STANDARD = gnu99;
				GCC_DYNAMIC_NO_PIC = NO;
				GCC_NO_COMMON_BLOCKS = YES;
				GCC_OPTIMIZATION_LEVEL = 0;
				GCC_PREPROCESSOR_DEFINITIONS = (
					"DEBUG=1",
					"$(inherited)",
				);
				GCC_WARN_64_TO_32_BIT_CONVERSION = YES;
				GCC_WARN_ABOUT_RETURN_TYPE = YES_ERROR;
				GCC_WARN_UNDECLARED_SELECTOR = YES;
				GCC_WARN_UNINITIALIZED_AUTOS = YES_AGGRESSIVE;
				GCC_WARN_UNUSED_FUNCTION = YES;
				GCC_WARN_UNUSED_VARIABLE = YES;
				IPHONEOS_DEPLOYMENT_TARGET = 8.0;
				MTL_ENABLE_DEBUG_INFO = YES;
				ONLY_ACTIVE_ARCH = YES;
				SDKROOT = iphoneos;
			};
			name = Debug;
		};
		2DE9E4BB1F039724001255F4 /* Release */ = {
			isa = XCBuildConfiguration;
			buildSettings = {
				ALWAYS_SEARCH_USER_PATHS = NO;
				CLANG_ANALYZER_NONNULL = YES;
				CLANG_ANALYZER_NUMBER_OBJECT_CONVERSION = YES_AGGRESSIVE;
				CLANG_CXX_LANGUAGE_STANDARD = "gnu++0x";
				CLANG_CXX_LIBRARY = "libc++";
				CLANG_ENABLE_MODULES = YES;
				CLANG_ENABLE_OBJC_ARC = YES;
				CLANG_WARN_BOOL_CONVERSION = YES;
				CLANG_WARN_CONSTANT_CONVERSION = YES;
				CLANG_WARN_DIRECT_OBJC_ISA_USAGE = YES_ERROR;
				CLANG_WARN_DOCUMENTATION_COMMENTS = YES;
				CLANG_WARN_EMPTY_BODY = YES;
				CLANG_WARN_ENUM_CONVERSION = YES;
				CLANG_WARN_INFINITE_RECURSION = YES;
				CLANG_WARN_INT_CONVERSION = YES;
				CLANG_WARN_OBJC_ROOT_CLASS = YES_ERROR;
				CLANG_WARN_SUSPICIOUS_MOVE = YES;
				CLANG_WARN_UNREACHABLE_CODE = YES;
				CLANG_WARN__DUPLICATE_METHOD_MATCH = YES;
				"CODE_SIGN_IDENTITY[sdk=iphoneos*]" = "iPhone Developer";
				COPY_PHASE_STRIP = NO;
				DEBUG_INFORMATION_FORMAT = "dwarf-with-dsym";
				ENABLE_NS_ASSERTIONS = NO;
				ENABLE_STRICT_OBJC_MSGSEND = YES;
				GCC_C_LANGUAGE_STANDARD = gnu99;
				GCC_NO_COMMON_BLOCKS = YES;
				GCC_WARN_64_TO_32_BIT_CONVERSION = YES;
				GCC_WARN_ABOUT_RETURN_TYPE = YES_ERROR;
				GCC_WARN_UNDECLARED_SELECTOR = YES;
				GCC_WARN_UNINITIALIZED_AUTOS = YES_AGGRESSIVE;
				GCC_WARN_UNUSED_FUNCTION = YES;
				GCC_WARN_UNUSED_VARIABLE = YES;
				IPHONEOS_DEPLOYMENT_TARGET = 8.0;
				MTL_ENABLE_DEBUG_INFO = NO;
				SDKROOT = iphoneos;
				VALIDATE_PRODUCT = YES;
			};
			name = Release;
		};
		2DE9E4BD1F039724001255F4 /* Debug */ = {
			isa = XCBuildConfiguration;
			baseConfigurationReference = C0AD6C6CC43DF702768815D4 /* Pods-WBAVNativePlayer.debug.xcconfig */;
			buildSettings = {
				DEVELOPMENT_TEAM = 8D7826FKHD;
				OTHER_LDFLAGS = "$(inherited)";
				PRODUCT_NAME = "$(TARGET_NAME)";
				SKIP_INSTALL = YES;
			};
			name = Debug;
		};
		2DE9E4BE1F039724001255F4 /* Release */ = {
			isa = XCBuildConfiguration;
			baseConfigurationReference = F682E1060C4943F2D4D03489 /* Pods-WBAVNativePlayer.release.xcconfig */;
			buildSettings = {
				DEVELOPMENT_TEAM = 8D7826FKHD;
				OTHER_LDFLAGS = "$(inherited)";
				PRODUCT_NAME = "$(TARGET_NAME)";
				SKIP_INSTALL = YES;
			};
			name = Release;
		};
/* End XCBuildConfiguration section */

/* Begin XCConfigurationList section */
		2DE9E4AE1F039724001255F4 /* Build configuration list for PBXProject "WBAVNativePlayer" */ = {
			isa = XCConfigurationList;
			buildConfigurations = (
				2DE9E4BA1F039724001255F4 /* Debug */,
				2DE9E4BB1F039724001255F4 /* Release */,
			);
			defaultConfigurationIsVisible = 0;
			defaultConfigurationName = Release;
		};
		2DE9E4BC1F039724001255F4 /* Build configuration list for PBXNativeTarget "WBAVNativePlayer" */ = {
			isa = XCConfigurationList;
			buildConfigurations = (
				2DE9E4BD1F039724001255F4 /* Debug */,
				2DE9E4BE1F039724001255F4 /* Release */,
			);
			defaultConfigurationIsVisible = 0;
			defaultConfigurationName = Release;
		};
/* End XCConfigurationList section */
	};
	rootObject = 2DE9E4AB1F039724001255F4 /* Project object */;
}
