// !$*UTF8*$!
{
	archiveVersion = 1;
	classes = {
	};
	objectVersion = 46;
	objects = {

/* Begin PBXBuildFile section */
		2D1DCBE61F45C2CC00368A9E /* libWBPhotoManager.a in Frameworks */ = {isa = PBXBuildFile; fileRef = 2D1DCBE51F45C2CC00368A9E /* libWBPhotoManager.a */; };
		2D1DCC021F45C56B00368A9E /* libWBGPUImageRecorder.a in Frameworks */ = {isa = PBXBuildFile; fileRef = 2D1DCC011F45C56B00368A9E /* libWBGPUImageRecorder.a */; };
		2D1DCC3F1F469DED00368A9E /* libWBNativeRecorder.a in Frameworks */ = {isa = PBXBuildFile; fileRef = 2D1DCC3E1F469DED00368A9E /* libWBNativeRecorder.a */; };
		2D81A9581F289C0000380F61 /* libbz2.1.0.tbd in Frameworks */ = {isa = PBXBuildFile; fileRef = 2D81A9511F289B9100380F61 /* libbz2.1.0.tbd */; };
		2D81A9591F289C0700380F61 /* libz.tbd in Frameworks */ = {isa = PBXBuildFile; fileRef = 2D81A9531F289B9C00380F61 /* libz.tbd */; };
		2D9B28191F01F61600D3EAEB /* main.m in Sources */ = {isa = PBXBuildFile; fileRef = 2D9B28181F01F61600D3EAEB /* main.m */; };
		2D9B281C1F01F61600D3EAEB /* AppDelegate.m in Sources */ = {isa = PBXBuildFile; fileRef = 2D9B281B1F01F61600D3EAEB /* AppDelegate.m */; };
		2D9B28241F01F61600D3EAEB /* Assets.xcassets in Resources */ = {isa = PBXBuildFile; fileRef = 2D9B28231F01F61600D3EAEB /* Assets.xcassets */; };
		2D9B28271F01F61600D3EAEB /* LaunchScreen.storyboard in Resources */ = {isa = PBXBuildFile; fileRef = 2D9B28251F01F61600D3EAEB /* LaunchScreen.storyboard */; };
		2D9B28321F01F61600D3EAEB /* WBAVFrameTests.m in Sources */ = {isa = PBXBuildFile; fileRef = 2D9B28311F01F61600D3EAEB /* WBAVFrameTests.m */; };
		2D9B283D1F01F61600D3EAEB /* WBAVFrameUITests.m in Sources */ = {isa = PBXBuildFile; fileRef = 2D9B283C1F01F61600D3EAEB /* WBAVFrameUITests.m */; };
		2DDB32941F03A97A00DBA59B /* libWBUtils.a in Frameworks */ = {isa = PBXBuildFile; fileRef = 2DDB32931F03A97A00DBA59B /* libWBUtils.a */; };
		2DDB32AB1F03B47300DBA59B /* libWBAVIJKPlayer.a in Frameworks */ = {isa = PBXBuildFile; fileRef = 2DDB32A61F03B47300DBA59B /* libWBAVIJKPlayer.a */; };
		2DDB32AC1F03B47300DBA59B /* libWBAVNativePlayer.a in Frameworks */ = {isa = PBXBuildFile; fileRef = 2DDB32A71F03B47300DBA59B /* libWBAVNativePlayer.a */; };
		2DDB32AD1F03B47300DBA59B /* libWBCodec.a in Frameworks */ = {isa = PBXBuildFile; fileRef = 2DDB32A81F03B47300DBA59B /* libWBCodec.a */; };
		2DDB32AE1F03B47300DBA59B /* libWBRtmpHandler.a in Frameworks */ = {isa = PBXBuildFile; fileRef = 2DDB32A91F03B47300DBA59B /* libWBRtmpHandler.a */; };
		2DE9E4641F023A0A001255F4 /* WBAVRootViewController.m in Sources */ = {isa = PBXBuildFile; fileRef = 2DE9E4631F023A0A001255F4 /* WBAVRootViewController.m */; };
		2DE9E4671F023B44001255F4 /* WBVideoPlayerSettingViewController.m in Sources */ = {isa = PBXBuildFile; fileRef = 2DE9E4661F023B44001255F4 /* WBVideoPlayerSettingViewController.m */; };
		2DE9E46A1F023B60001255F4 /* WBVideoRecorderSettingViewController.m in Sources */ = {isa = PBXBuildFile; fileRef = 2DE9E4691F023B60001255F4 /* WBVideoRecorderSettingViewController.m */; };
		2DE9E46D1F023B79001255F4 /* WBLivePlayerSettingViewController.m in Sources */ = {isa = PBXBuildFile; fileRef = 2DE9E46C1F023B79001255F4 /* WBLivePlayerSettingViewController.m */; };
		2DE9E4701F023B92001255F4 /* WBLiveRecorderSettingViewController.m in Sources */ = {isa = PBXBuildFile; fileRef = 2DE9E46F1F023B92001255F4 /* WBLiveRecorderSettingViewController.m */; };
		2DE9E4731F025042001255F4 /* WBAVRootBottomButtonView.m in Sources */ = {isa = PBXBuildFile; fileRef = 2DE9E4721F025042001255F4 /* WBAVRootBottomButtonView.m */; };
		D7FDE783BCAC39F6A4C2E202 /* libPods-WBAVFrame.a in Frameworks */ = {isa = PBXBuildFile; fileRef = A0535D5CF285357CA7D0102A /* libPods-WBAVFrame.a */; };
/* End PBXBuildFile section */

/* Begin PBXContainerItemProxy section */
		2D9B282E1F01F61600D3EAEB /* PBXContainerItemProxy */ = {
			isa = PBXContainerItemProxy;
			containerPortal = 2D9B280C1F01F61600D3EAEB /* Project object */;
			proxyType = 1;
			remoteGlobalIDString = 2D9B28131F01F61600D3EAEB;
			remoteInfo = WBAVFrame;
		};
		2D9B28391F01F61600D3EAEB /* PBXContainerItemProxy */ = {
			isa = PBXContainerItemProxy;
			containerPortal = 2D9B280C1F01F61600D3EAEB /* Project object */;
			proxyType = 1;
			remoteGlobalIDString = 2D9B28131F01F61600D3EAEB;
			remoteInfo = WBAVFrame;
		};
/* End PBXContainerItemProxy section */

/* Begin PBXFileReference section */
		2D1DCBE51F45C2CC00368A9E /* libWBPhotoManager.a */ = {isa = PBXFileReference; lastKnownFileType = archive.ar; name = libWBPhotoManager.a; path = "../../../Library/Developer/Xcode/DerivedData/WBAVFrame-blzsmgzkiwbdofaquhmahjmjukxd/Build/Products/Debug-iphoneos/libWBPhotoManager.a"; sourceTree = "<group>"; };
		2D1DCC011F45C56B00368A9E /* libWBGPUImageRecorder.a */ = {isa = PBXFileReference; lastKnownFileType = archive.ar; name = libWBGPUImageRecorder.a; path = "../WBGPUImageRecorder/build/Debug-iphoneos/libWBGPUImageRecorder.a"; sourceTree = "<group>"; };
		2D1DCC3E1F469DED00368A9E /* libWBNativeRecorder.a */ = {isa = PBXFileReference; lastKnownFileType = archive.ar; name = libWBNativeRecorder.a; path = "../WBNativeRecorder/build/Debug-iphoneos/libWBNativeRecorder.a"; sourceTree = "<group>"; };
		2D81A9511F289B9100380F61 /* libbz2.1.0.tbd */ = {isa = PBXFileReference; lastKnownFileType = "sourcecode.text-based-dylib-definition"; name = libbz2.1.0.tbd; path = usr/lib/libbz2.1.0.tbd; sourceTree = SDKROOT; };
		2D81A9531F289B9C00380F61 /* libz.tbd */ = {isa = PBXFileReference; lastKnownFileType = "sourcecode.text-based-dylib-definition"; name = libz.tbd; path = usr/lib/libz.tbd; sourceTree = SDKROOT; };
		2D9B28141F01F61600D3EAEB /* WBAVFrame.app */ = {isa = PBXFileReference; explicitFileType = wrapper.application; includeInIndex = 0; path = WBAVFrame.app; sourceTree = BUILT_PRODUCTS_DIR; };
		2D9B28181F01F61600D3EAEB /* main.m */ = {isa = PBXFileReference; lastKnownFileType = sourcecode.c.objc; path = main.m; sourceTree = "<group>"; };
		2D9B281A1F01F61600D3EAEB /* AppDelegate.h */ = {isa = PBXFileReference; lastKnownFileType = sourcecode.c.h; path = AppDelegate.h; sourceTree = "<group>"; };
		2D9B281B1F01F61600D3EAEB /* AppDelegate.m */ = {isa = PBXFileReference; lastKnownFileType = sourcecode.c.objc; path = AppDelegate.m; sourceTree = "<group>"; };
		2D9B28231F01F61600D3EAEB /* Assets.xcassets */ = {isa = PBXFileReference; lastKnownFileType = folder.assetcatalog; name = Assets.xcassets; path = WBAVFrame/Assets.xcassets; sourceTree = "<group>"; };
		2D9B28261F01F61600D3EAEB /* Base */ = {isa = PBXFileReference; lastKnownFileType = file.storyboard; name = Base; path = Base.lproj/LaunchScreen.storyboard; sourceTree = "<group>"; };
		2D9B28281F01F61600D3EAEB /* Info.plist */ = {isa = PBXFileReference; lastKnownFileType = text.plist.xml; path = Info.plist; sourceTree = "<group>"; };
		2D9B282D1F01F61600D3EAEB /* WBAVFrameTests.xctest */ = {isa = PBXFileReference; explicitFileType = wrapper.cfbundle; includeInIndex = 0; path = WBAVFrameTests.xctest; sourceTree = BUILT_PRODUCTS_DIR; };
		2D9B28311F01F61600D3EAEB /* WBAVFrameTests.m */ = {isa = PBXFileReference; lastKnownFileType = sourcecode.c.objc; path = WBAVFrameTests.m; sourceTree = "<group>"; };
		2D9B28331F01F61600D3EAEB /* Info.plist */ = {isa = PBXFileReference; lastKnownFileType = text.plist.xml; path = Info.plist; sourceTree = "<group>"; };
		2D9B28381F01F61600D3EAEB /* WBAVFrameUITests.xctest */ = {isa = PBXFileReference; explicitFileType = wrapper.cfbundle; includeInIndex = 0; path = WBAVFrameUITests.xctest; sourceTree = BUILT_PRODUCTS_DIR; };
		2D9B283C1F01F61600D3EAEB /* WBAVFrameUITests.m */ = {isa = PBXFileReference; lastKnownFileType = sourcecode.c.objc; path = WBAVFrameUITests.m; sourceTree = "<group>"; };
		2D9B283E1F01F61600D3EAEB /* Info.plist */ = {isa = PBXFileReference; lastKnownFileType = text.plist.xml; path = Info.plist; sourceTree = "<group>"; };
		2DDB32911F03A88E00DBA59B /* libWBAVNativeRecorder.a */ = {isa = PBXFileReference; lastKnownFileType = archive.ar; name = libWBAVNativeRecorder.a; path = "../WBAVNativeRecorder/build/Debug-iphoneos/libWBAVNativeRecorder.a"; sourceTree = "<group>"; };
		2DDB32931F03A97A00DBA59B /* libWBUtils.a */ = {isa = PBXFileReference; lastKnownFileType = archive.ar; name = libWBUtils.a; path = "../WBUtils/build/Debug-iphoneos/libWBUtils.a"; sourceTree = "<group>"; };
		2DDB32A41F03B46800DBA59B /* libWBAVBeautyRecorder.a */ = {isa = PBXFileReference; lastKnownFileType = archive.ar; name = libWBAVBeautyRecorder.a; path = "../WBAVBeautyRecorder/build/Debug-iphoneos/libWBAVBeautyRecorder.a"; sourceTree = "<group>"; };
		2DDB32A61F03B47300DBA59B /* libWBAVIJKPlayer.a */ = {isa = PBXFileReference; lastKnownFileType = archive.ar; name = libWBAVIJKPlayer.a; path = "../WBAVIJKPlayer/build/Debug-iphoneos/libWBAVIJKPlayer.a"; sourceTree = "<group>"; };
		2DDB32A71F03B47300DBA59B /* libWBAVNativePlayer.a */ = {isa = PBXFileReference; lastKnownFileType = archive.ar; name = libWBAVNativePlayer.a; path = "../WBAVNativePlayer/build/Debug-iphoneos/libWBAVNativePlayer.a"; sourceTree = "<group>"; };
		2DDB32A81F03B47300DBA59B /* libWBCodec.a */ = {isa = PBXFileReference; lastKnownFileType = archive.ar; name = libWBCodec.a; path = "../WBCodec/build/Debug-iphoneos/libWBCodec.a"; sourceTree = "<group>"; };
		2DDB32A91F03B47300DBA59B /* libWBRtmpHandler.a */ = {isa = PBXFileReference; lastKnownFileType = archive.ar; name = libWBRtmpHandler.a; path = "../WBRtmpHandler/build/Debug-iphoneos/libWBRtmpHandler.a"; sourceTree = "<group>"; };
		2DDB32AA1F03B47300DBA59B /* libWBService.a */ = {isa = PBXFileReference; lastKnownFileType = archive.ar; name = libWBService.a; path = "../WBService/build/Debug-iphoneos/libWBService.a"; sourceTree = "<group>"; };
		2DE9E4621F023A06001255F4 /* WBAVRootViewController.h */ = {isa = PBXFileReference; lastKnownFileType = sourcecode.c.h; path = WBAVRootViewController.h; sourceTree = "<group>"; };
		2DE9E4631F023A0A001255F4 /* WBAVRootViewController.m */ = {isa = PBXFileReference; fileEncoding = 4; lastKnownFileType = sourcecode.c.objc; path = WBAVRootViewController.m; sourceTree = "<group>"; };
		2DE9E4651F023B44001255F4 /* WBVideoPlayerSettingViewController.h */ = {isa = PBXFileReference; fileEncoding = 4; lastKnownFileType = sourcecode.c.h; path = WBVideoPlayerSettingViewController.h; sourceTree = "<group>"; };
		2DE9E4661F023B44001255F4 /* WBVideoPlayerSettingViewController.m */ = {isa = PBXFileReference; fileEncoding = 4; lastKnownFileType = sourcecode.c.objc; path = WBVideoPlayerSettingViewController.m; sourceTree = "<group>"; };
		2DE9E4681F023B60001255F4 /* WBVideoRecorderSettingViewController.h */ = {isa = PBXFileReference; fileEncoding = 4; lastKnownFileType = sourcecode.c.h; path = WBVideoRecorderSettingViewController.h; sourceTree = "<group>"; };
		2DE9E4691F023B60001255F4 /* WBVideoRecorderSettingViewController.m */ = {isa = PBXFileReference; fileEncoding = 4; lastKnownFileType = sourcecode.c.objc; path = WBVideoRecorderSettingViewController.m; sourceTree = "<group>"; };
		2DE9E46B1F023B79001255F4 /* WBLivePlayerSettingViewController.h */ = {isa = PBXFileReference; fileEncoding = 4; lastKnownFileType = sourcecode.c.h; path = WBLivePlayerSettingViewController.h; sourceTree = "<group>"; };
		2DE9E46C1F023B79001255F4 /* WBLivePlayerSettingViewController.m */ = {isa = PBXFileReference; fileEncoding = 4; lastKnownFileType = sourcecode.c.objc; path = WBLivePlayerSettingViewController.m; sourceTree = "<group>"; };
		2DE9E46E1F023B92001255F4 /* WBLiveRecorderSettingViewController.h */ = {isa = PBXFileReference; fileEncoding = 4; lastKnownFileType = sourcecode.c.h; path = WBLiveRecorderSettingViewController.h; sourceTree = "<group>"; };
		2DE9E46F1F023B92001255F4 /* WBLiveRecorderSettingViewController.m */ = {isa = PBXFileReference; fileEncoding = 4; lastKnownFileType = sourcecode.c.objc; path = WBLiveRecorderSettingViewController.m; sourceTree = "<group>"; };
		2DE9E4711F025042001255F4 /* WBAVRootBottomButtonView.h */ = {isa = PBXFileReference; fileEncoding = 4; lastKnownFileType = sourcecode.c.h; path = WBAVRootBottomButtonView.h; sourceTree = "<group>"; };
		2DE9E4721F025042001255F4 /* WBAVRootBottomButtonView.m */ = {isa = PBXFileReference; fileEncoding = 4; lastKnownFileType = sourcecode.c.objc; path = WBAVRootBottomButtonView.m; sourceTree = "<group>"; };
		2DE9E47A1F02579F001255F4 /* WBAVFrame_Prefix.pch */ = {isa = PBXFileReference; lastKnownFileType = sourcecode.c.h; path = WBAVFrame_Prefix.pch; sourceTree = "<group>"; };
		564080BCB324572E9BC9BEC9 /* Pods-WBAVFrame.release.xcconfig */ = {isa = PBXFileReference; includeInIndex = 1; lastKnownFileType = text.xcconfig; name = "Pods-WBAVFrame.release.xcconfig"; path = "../Pods/Target Support Files/Pods-WBAVFrame/Pods-WBAVFrame.release.xcconfig"; sourceTree = "<group>"; };
		A0535D5CF285357CA7D0102A /* libPods-WBAVFrame.a */ = {isa = PBXFileReference; explicitFileType = archive.ar; includeInIndex = 0; path = "libPods-WBAVFrame.a"; sourceTree = BUILT_PRODUCTS_DIR; };
		E51F6B0169463C936A37BD35 /* Pods-WBAVFrame.debug.xcconfig */ = {isa = PBXFileReference; includeInIndex = 1; lastKnownFileType = text.xcconfig; name = "Pods-WBAVFrame.debug.xcconfig"; path = "../Pods/Target Support Files/Pods-WBAVFrame/Pods-WBAVFrame.debug.xcconfig"; sourceTree = "<group>"; };
/* End PBXFileReference section */

/* Begin PBXFrameworksBuildPhase section */
		2D9B28111F01F61600D3EAEB /* Frameworks */ = {
			isa = PBXFrameworksBuildPhase;
			buildActionMask = 2147483647;
			files = (
				2D1DCC3F1F469DED00368A9E /* libWBNativeRecorder.a in Frameworks */,
				2D1DCC021F45C56B00368A9E /* libWBGPUImageRecorder.a in Frameworks */,
				2D1DCBE61F45C2CC00368A9E /* libWBPhotoManager.a in Frameworks */,
				2D81A9591F289C0700380F61 /* libz.tbd in Frameworks */,
				2D81A9581F289C0000380F61 /* libbz2.1.0.tbd in Frameworks */,
				2DDB32AB1F03B47300DBA59B /* libWBAVIJKPlayer.a in Frameworks */,
				2DDB32AC1F03B47300DBA59B /* libWBAVNativePlayer.a in Frameworks */,
				2DDB32AD1F03B47300DBA59B /* libWBCodec.a in Frameworks */,
				2DDB32AE1F03B47300DBA59B /* libWBRtmpHandler.a in Frameworks */,
				2DDB32941F03A97A00DBA59B /* libWBUtils.a in Frameworks */,
				D7FDE783BCAC39F6A4C2E202 /* libPods-WBAVFrame.a in Frameworks */,
			);
			runOnlyForDeploymentPostprocessing = 0;
		};
		2D9B282A1F01F61600D3EAEB /* Frameworks */ = {
			isa = PBXFrameworksBuildPhase;
			buildActionMask = 2147483647;
			files = (
			);
			runOnlyForDeploymentPostprocessing = 0;
		};
		2D9B28351F01F61600D3EAEB /* Frameworks */ = {
			isa = PBXFrameworksBuildPhase;
			buildActionMask = 2147483647;
			files = (
			);
			runOnlyForDeploymentPostprocessing = 0;
		};
/* End PBXFrameworksBuildPhase section */

/* Begin PBXGroup section */
		2D9B280B1F01F61600D3EAEB = {
			isa = PBXGroup;
			children = (
				2DE9E4611F0239F5001255F4 /* WBAVFrameRootViewController */,
				2DE9E47F1F026C74001255F4 /* WBAVFrame */,
				2D9B28171F01F61600D3EAEB /* Supporting Files */,
				2DE9E4401F023338001255F4 /* Resource */,
				2D9B28301F01F61600D3EAEB /* WBAVFrameTests */,
				2D9B283B1F01F61600D3EAEB /* WBAVFrameUITests */,
				2D9B28151F01F61600D3EAEB /* Products */,
				6EADB12981D51892E15EA9F5 /* Pods */,
				DF3B252ECF10013123CBD0F2 /* Frameworks */,
			);
			sourceTree = "<group>";
		};
		2D9B28151F01F61600D3EAEB /* Products */ = {
			isa = PBXGroup;
			children = (
				2D9B28141F01F61600D3EAEB /* WBAVFrame.app */,
				2D9B282D1F01F61600D3EAEB /* WBAVFrameTests.xctest */,
				2D9B28381F01F61600D3EAEB /* WBAVFrameUITests.xctest */,
			);
			name = Products;
			sourceTree = "<group>";
		};
		2D9B28171F01F61600D3EAEB /* Supporting Files */ = {
			isa = PBXGroup;
			children = (
				2D9B281A1F01F61600D3EAEB /* AppDelegate.h */,
				2D9B281B1F01F61600D3EAEB /* AppDelegate.m */,
				2D9B28181F01F61600D3EAEB /* main.m */,
				2D9B28251F01F61600D3EAEB /* LaunchScreen.storyboard */,
				2D9B28281F01F61600D3EAEB /* Info.plist */,
				2DE9E47A1F02579F001255F4 /* WBAVFrame_Prefix.pch */,
			);
			name = "Supporting Files";
			path = WBAVFrame;
			sourceTree = "<group>";
		};
		2D9B28301F01F61600D3EAEB /* WBAVFrameTests */ = {
			isa = PBXGroup;
			children = (
				2D9B28311F01F61600D3EAEB /* WBAVFrameTests.m */,
				2D9B28331F01F61600D3EAEB /* Info.plist */,
			);
			path = WBAVFrameTests;
			sourceTree = "<group>";
		};
		2D9B283B1F01F61600D3EAEB /* WBAVFrameUITests */ = {
			isa = PBXGroup;
			children = (
				2D9B283C1F01F61600D3EAEB /* WBAVFrameUITests.m */,
				2D9B283E1F01F61600D3EAEB /* Info.plist */,
			);
			path = WBAVFrameUITests;
			sourceTree = "<group>";
		};
		2DE9E4401F023338001255F4 /* Resource */ = {
			isa = PBXGroup;
			children = (
				2D9B28231F01F61600D3EAEB /* Assets.xcassets */,
			);
			name = Resource;
			sourceTree = "<group>";
		};
		2DE9E45D1F0239AF001255F4 /* WBLiveRecorderSettingViewController */ = {
			isa = PBXGroup;
			children = (
				2DE9E46E1F023B92001255F4 /* WBLiveRecorderSettingViewController.h */,
				2DE9E46F1F023B92001255F4 /* WBLiveRecorderSettingViewController.m */,
			);
			name = WBLiveRecorderSettingViewController;
			path = WBAVFrame/WBLiveRecorderSettingViewController;
			sourceTree = "<group>";
		};
		2DE9E45E1F0239B6001255F4 /* WBLivePlayerSettingViewController */ = {
			isa = PBXGroup;
			children = (
				2DE9E46B1F023B79001255F4 /* WBLivePlayerSettingViewController.h */,
				2DE9E46C1F023B79001255F4 /* WBLivePlayerSettingViewController.m */,
			);
			name = WBLivePlayerSettingViewController;
			path = WBAVFrame/WBLivePlayerSettingViewController;
			sourceTree = "<group>";
		};
		2DE9E45F1F0239BA001255F4 /* WBVideoRecorderSettingViewController */ = {
			isa = PBXGroup;
			children = (
				2DE9E4681F023B60001255F4 /* WBVideoRecorderSettingViewController.h */,
				2DE9E4691F023B60001255F4 /* WBVideoRecorderSettingViewController.m */,
			);
			name = WBVideoRecorderSettingViewController;
			path = WBAVFrame/WBVideoRecorderSettingViewController;
			sourceTree = "<group>";
		};
		2DE9E4601F0239BC001255F4 /* WBVideoPlayerSettingViewController */ = {
			isa = PBXGroup;
			children = (
				2DE9E4651F023B44001255F4 /* WBVideoPlayerSettingViewController.h */,
				2DE9E4661F023B44001255F4 /* WBVideoPlayerSettingViewController.m */,
			);
			name = WBVideoPlayerSettingViewController;
			path = WBAVFrame/WBVideoPlayerSettingViewController;
			sourceTree = "<group>";
		};
		2DE9E4611F0239F5001255F4 /* WBAVFrameRootViewController */ = {
			isa = PBXGroup;
			children = (
				2DE9E4621F023A06001255F4 /* WBAVRootViewController.h */,
				2DE9E4631F023A0A001255F4 /* WBAVRootViewController.m */,
				2DE9E4711F025042001255F4 /* WBAVRootBottomButtonView.h */,
				2DE9E4721F025042001255F4 /* WBAVRootBottomButtonView.m */,
			);
			name = WBAVFrameRootViewController;
			path = WBAVFrame/WBAVFrameRootViewController;
			sourceTree = "<group>";
		};
		2DE9E47F1F026C74001255F4 /* WBAVFrame */ = {
			isa = PBXGroup;
			children = (
				2DE9E45D1F0239AF001255F4 /* WBLiveRecorderSettingViewController */,
				2DE9E45E1F0239B6001255F4 /* WBLivePlayerSettingViewController */,
				2DE9E45F1F0239BA001255F4 /* WBVideoRecorderSettingViewController */,
				2DE9E4601F0239BC001255F4 /* WBVideoPlayerSettingViewController */,
			);
			name = WBAVFrame;
			sourceTree = "<group>";
		};
		6EADB12981D51892E15EA9F5 /* Pods */ = {
			isa = PBXGroup;
			children = (
				E51F6B0169463C936A37BD35 /* Pods-WBAVFrame.debug.xcconfig */,
				564080BCB324572E9BC9BEC9 /* Pods-WBAVFrame.release.xcconfig */,
			);
			name = Pods;
			sourceTree = "<group>";
		};
		DF3B252ECF10013123CBD0F2 /* Frameworks */ = {
			isa = PBXGroup;
			children = (
				2D1DCC3E1F469DED00368A9E /* libWBNativeRecorder.a */,
				2D1DCC011F45C56B00368A9E /* libWBGPUImageRecorder.a */,
				2D1DCBE51F45C2CC00368A9E /* libWBPhotoManager.a */,
				2D81A9531F289B9C00380F61 /* libz.tbd */,
				2D81A9511F289B9100380F61 /* libbz2.1.0.tbd */,
				2DDB32A61F03B47300DBA59B /* libWBAVIJKPlayer.a */,
				2DDB32A71F03B47300DBA59B /* libWBAVNativePlayer.a */,
				2DDB32A81F03B47300DBA59B /* libWBCodec.a */,
				2DDB32A91F03B47300DBA59B /* libWBRtmpHandler.a */,
				2DDB32AA1F03B47300DBA59B /* libWBService.a */,
				2DDB32A41F03B46800DBA59B /* libWBAVBeautyRecorder.a */,
				2DDB32931F03A97A00DBA59B /* libWBUtils.a */,
				2DDB32911F03A88E00DBA59B /* libWBAVNativeRecorder.a */,
				A0535D5CF285357CA7D0102A /* libPods-WBAVFrame.a */,
			);
			name = Frameworks;
			sourceTree = "<group>";
		};
/* End PBXGroup section */

/* Begin PBXHeadersBuildPhase section */
		2D1DCC0A1F4689DC00368A9E /* Headers */ = {
			isa = PBXHeadersBuildPhase;
			buildActionMask = 2147483647;
			files = (
			);
			runOnlyForDeploymentPostprocessing = 0;
		};
/* End PBXHeadersBuildPhase section */

/* Begin PBXNativeTarget section */
		2D9B28131F01F61600D3EAEB /* WBAVFrame */ = {
			isa = PBXNativeTarget;
			buildConfigurationList = 2D9B28411F01F61600D3EAEB /* Build configuration list for PBXNativeTarget "WBAVFrame" */;
			buildPhases = (
				5626DF8CF6D1C6D9D9E52436 /* [CP] Check Pods Manifest.lock */,
				2D9B28101F01F61600D3EAEB /* Sources */,
				2D9B28111F01F61600D3EAEB /* Frameworks */,
				2D9B28121F01F61600D3EAEB /* Resources */,
				EA25288DE102ACC984514D5F /* [CP] Embed Pods Frameworks */,
				9F18E845E3FFFE16AC6C8C49 /* [CP] Copy Pods Resources */,
				2D1DCC0A1F4689DC00368A9E /* Headers */,
			);
			buildRules = (
			);
			dependencies = (
			);
			name = WBAVFrame;
			productName = WBAVFrame;
			productReference = 2D9B28141F01F61600D3EAEB /* WBAVFrame.app */;
			productType = "com.apple.product-type.application";
		};
		2D9B282C1F01F61600D3EAEB /* WBAVFrameTests */ = {
			isa = PBXNativeTarget;
			buildConfigurationList = 2D9B28441F01F61600D3EAEB /* Build configuration list for PBXNativeTarget "WBAVFrameTests" */;
			buildPhases = (
				2D9B28291F01F61600D3EAEB /* Sources */,
				2D9B282A1F01F61600D3EAEB /* Frameworks */,
				2D9B282B1F01F61600D3EAEB /* Resources */,
			);
			buildRules = (
			);
			dependencies = (
				2D9B282F1F01F61600D3EAEB /* PBXTargetDependency */,
			);
			name = WBAVFrameTests;
			productName = WBAVFrameTests;
			productReference = 2D9B282D1F01F61600D3EAEB /* WBAVFrameTests.xctest */;
			productType = "com.apple.product-type.bundle.unit-test";
		};
		2D9B28371F01F61600D3EAEB /* WBAVFrameUITests */ = {
			isa = PBXNativeTarget;
			buildConfigurationList = 2D9B28471F01F61600D3EAEB /* Build configuration list for PBXNativeTarget "WBAVFrameUITests" */;
			buildPhases = (
				2D9B28341F01F61600D3EAEB /* Sources */,
				2D9B28351F01F61600D3EAEB /* Frameworks */,
				2D9B28361F01F61600D3EAEB /* Resources */,
			);
			buildRules = (
			);
			dependencies = (
				2D9B283A1F01F61600D3EAEB /* PBXTargetDependency */,
			);
			name = WBAVFrameUITests;
			productName = WBAVFrameUITests;
			productReference = 2D9B28381F01F61600D3EAEB /* WBAVFrameUITests.xctest */;
			productType = "com.apple.product-type.bundle.ui-testing";
		};
/* End PBXNativeTarget section */

/* Begin PBXProject section */
		2D9B280C1F01F61600D3EAEB /* Project object */ = {
			isa = PBXProject;
			attributes = {
				LastUpgradeCheck = 0830;
				ORGANIZATIONNAME = WangBo;
				TargetAttributes = {
					2D9B28131F01F61600D3EAEB = {
						CreatedOnToolsVersion = 8.3.3;
						DevelopmentTeam = EUAD94LG2W;
						ProvisioningStyle = Automatic;
					};
					2D9B282C1F01F61600D3EAEB = {
						CreatedOnToolsVersion = 8.3.3;
						DevelopmentTeam = 8D7826FKHD;
						ProvisioningStyle = Automatic;
						TestTargetID = 2D9B28131F01F61600D3EAEB;
					};
					2D9B28371F01F61600D3EAEB = {
						CreatedOnToolsVersion = 8.3.3;
						DevelopmentTeam = 8D7826FKHD;
						ProvisioningStyle = Automatic;
						TestTargetID = 2D9B28131F01F61600D3EAEB;
					};
				};
			};
			buildConfigurationList = 2D9B280F1F01F61600D3EAEB /* Build configuration list for PBXProject "WBAVFrame" */;
			compatibilityVersion = "Xcode 3.2";
			developmentRegion = English;
			hasScannedForEncodings = 0;
			knownRegions = (
				en,
				Base,
			);
			mainGroup = 2D9B280B1F01F61600D3EAEB;
			productRefGroup = 2D9B28151F01F61600D3EAEB /* Products */;
			projectDirPath = "";
			projectRoot = "";
			targets = (
				2D9B28131F01F61600D3EAEB /* WBAVFrame */,
				2D9B282C1F01F61600D3EAEB /* WBAVFrameTests */,
				2D9B28371F01F61600D3EAEB /* WBAVFrameUITests */,
			);
		};
/* End PBXProject section */

/* Begin PBXResourcesBuildPhase section */
		2D9B28121F01F61600D3EAEB /* Resources */ = {
			isa = PBXResourcesBuildPhase;
			buildActionMask = 2147483647;
			files = (
				2D9B28271F01F61600D3EAEB /* LaunchScreen.storyboard in Resources */,
				2D9B28241F01F61600D3EAEB /* Assets.xcassets in Resources */,
			);
			runOnlyForDeploymentPostprocessing = 0;
		};
		2D9B282B1F01F61600D3EAEB /* Resources */ = {
			isa = PBXResourcesBuildPhase;
			buildActionMask = 2147483647;
			files = (
			);
			runOnlyForDeploymentPostprocessing = 0;
		};
		2D9B28361F01F61600D3EAEB /* Resources */ = {
			isa = PBXResourcesBuildPhase;
			buildActionMask = 2147483647;
			files = (
			);
			runOnlyForDeploymentPostprocessing = 0;
		};
/* End PBXResourcesBuildPhase section */

/* Begin PBXShellScriptBuildPhase section */
		5626DF8CF6D1C6D9D9E52436 /* [CP] Check Pods Manifest.lock */ = {
			isa = PBXShellScriptBuildPhase;
			buildActionMask = 2147483647;
			files = (
			);
			inputPaths = (
			);
			name = "[CP] Check Pods Manifest.lock";
			outputPaths = (
			);
			runOnlyForDeploymentPostprocessing = 0;
			shellPath = /bin/sh;
			shellScript = "diff \"${PODS_ROOT}/../Podfile.lock\" \"${PODS_ROOT}/Manifest.lock\" > /dev/null\nif [ $? != 0 ] ; then\n    # print error to STDERR\n    echo \"error: The sandbox is not in sync with the Podfile.lock. Run 'pod install' or update your CocoaPods installation.\" >&2\n    exit 1\nfi\n";
			showEnvVarsInLog = 0;
		};
		9F18E845E3FFFE16AC6C8C49 /* [CP] Copy Pods Resources */ = {
			isa = PBXShellScriptBuildPhase;
			buildActionMask = 2147483647;
			files = (
			);
			inputPaths = (
			);
			name = "[CP] Copy Pods Resources";
			outputPaths = (
			);
			runOnlyForDeploymentPostprocessing = 0;
			shellPath = /bin/sh;
			shellScript = "\"${SRCROOT}/../Pods/Target Support Files/Pods-WBAVFrame/Pods-WBAVFrame-resources.sh\"\n";
			showEnvVarsInLog = 0;
		};
		EA25288DE102ACC984514D5F /* [CP] Embed Pods Frameworks */ = {
			isa = PBXShellScriptBuildPhase;
			buildActionMask = 2147483647;
			files = (
			);
			inputPaths = (
			);
			name = "[CP] Embed Pods Frameworks";
			outputPaths = (
			);
			runOnlyForDeploymentPostprocessing = 0;
			shellPath = /bin/sh;
			shellScript = "\"${SRCROOT}/../Pods/Target Support Files/Pods-WBAVFrame/Pods-WBAVFrame-frameworks.sh\"\n";
			showEnvVarsInLog = 0;
		};
/* End PBXShellScriptBuildPhase section */

/* Begin PBXSourcesBuildPhase section */
		2D9B28101F01F61600D3EAEB /* Sources */ = {
			isa = PBXSourcesBuildPhase;
			buildActionMask = 2147483647;
			files = (
				2D9B281C1F01F61600D3EAEB /* AppDelegate.m in Sources */,
				2DE9E4701F023B92001255F4 /* WBLiveRecorderSettingViewController.m in Sources */,
				2DE9E4671F023B44001255F4 /* WBVideoPlayerSettingViewController.m in Sources */,
				2DE9E46A1F023B60001255F4 /* WBVideoRecorderSettingViewController.m in Sources */,
				2DE9E46D1F023B79001255F4 /* WBLivePlayerSettingViewController.m in Sources */,
				2DE9E4731F025042001255F4 /* WBAVRootBottomButtonView.m in Sources */,
				2D9B28191F01F61600D3EAEB /* main.m in Sources */,
				2DE9E4641F023A0A001255F4 /* WBAVRootViewController.m in Sources */,
			);
			runOnlyForDeploymentPostprocessing = 0;
		};
		2D9B28291F01F61600D3EAEB /* Sources */ = {
			isa = PBXSourcesBuildPhase;
			buildActionMask = 2147483647;
			files = (
				2D9B28321F01F61600D3EAEB /* WBAVFrameTests.m in Sources */,
			);
			runOnlyForDeploymentPostprocessing = 0;
		};
		2D9B28341F01F61600D3EAEB /* Sources */ = {
			isa = PBXSourcesBuildPhase;
			buildActionMask = 2147483647;
			files = (
				2D9B283D1F01F61600D3EAEB /* WBAVFrameUITests.m in Sources */,
			);
			runOnlyForDeploymentPostprocessing = 0;
		};
/* End PBXSourcesBuildPhase section */

/* Begin PBXTargetDependency section */
		2D9B282F1F01F61600D3EAEB /* PBXTargetDependency */ = {
			isa = PBXTargetDependency;
			target = 2D9B28131F01F61600D3EAEB /* WBAVFrame */;
			targetProxy = 2D9B282E1F01F61600D3EAEB /* PBXContainerItemProxy */;
		};
		2D9B283A1F01F61600D3EAEB /* PBXTargetDependency */ = {
			isa = PBXTargetDependency;
			target = 2D9B28131F01F61600D3EAEB /* WBAVFrame */;
			targetProxy = 2D9B28391F01F61600D3EAEB /* PBXContainerItemProxy */;
		};
/* End PBXTargetDependency section */

/* Begin PBXVariantGroup section */
		2D9B28251F01F61600D3EAEB /* LaunchScreen.storyboard */ = {
			isa = PBXVariantGroup;
			children = (
				2D9B28261F01F61600D3EAEB /* Base */,
			);
			name = LaunchScreen.storyboard;
			sourceTree = "<group>";
		};
/* End PBXVariantGroup section */

/* Begin XCBuildConfiguration section */
		2D9B283F1F01F61600D3EAEB /* Debug */ = {
			isa = XCBuildConfiguration;
			buildSettings = {
				ALWAYS_SEARCH_USER_PATHS = NO;
				CLANG_ANALYZER_NONNULL = YES;
				CLANG_ANALYZER_NUMBER_OBJECT_CONVERSION = YES_AGGRESSIVE;
				CLANG_CXX_LANGUAGE_STANDARD = "gnu++0x";
				CLANG_CXX_LIBRARY = "libc++";
				CLANG_ENABLE_MODULES = YES;
				CLANG_ENABLE_OBJC_ARC = YES;
				CLANG_WARN_BOOL_CONVERSION = YES;
				CLANG_WARN_CONSTANT_CONVERSION = YES;
				CLANG_WARN_DIRECT_OBJC_ISA_USAGE = YES_ERROR;
				CLANG_WARN_DOCUMENTATION_COMMENTS = YES;
				CLANG_WARN_EMPTY_BODY = YES;
				CLANG_WARN_ENUM_CONVERSION = YES;
				CLANG_WARN_INFINITE_RECURSION = YES;
				CLANG_WARN_INT_CONVERSION = YES;
				CLANG_WARN_OBJC_ROOT_CLASS = YES_ERROR;
				CLANG_WARN_SUSPICIOUS_MOVE = YES;
				CLANG_WARN_UNREACHABLE_CODE = YES;
				CLANG_WARN__DUPLICATE_METHOD_MATCH = YES;
				"CODE_SIGN_IDENTITY[sdk=iphoneos*]" = "iPhone Developer";
				COPY_PHASE_STRIP = NO;
				DEBUG_INFORMATION_FORMAT = dwarf;
				ENABLE_STRICT_OBJC_MSGSEND = YES;
				ENABLE_TESTABILITY = YES;
				GCC_C_LANGUAGE_STANDARD = gnu99;
				GCC_DYNAMIC_NO_PIC = NO;
				GCC_NO_COMMON_BLOCKS = YES;
				GCC_OPTIMIZATION_LEVEL = 0;
				GCC_PREPROCESSOR_DEFINITIONS = (
					"DEBUG=1",
					"$(inherited)",
				);
				GCC_WARN_64_TO_32_BIT_CONVERSION = YES;
				GCC_WARN_ABOUT_RETURN_TYPE = YES_ERROR;
				GCC_WARN_UNDECLARED_SELECTOR = YES;
				GCC_WARN_UNINITIALIZED_AUTOS = YES_AGGRESSIVE;
				GCC_WARN_UNUSED_FUNCTION = YES;
				GCC_WARN_UNUSED_VARIABLE = YES;
				IPHONEOS_DEPLOYMENT_TARGET = 8.0;
				MTL_ENABLE_DEBUG_INFO = YES;
				ONLY_ACTIVE_ARCH = YES;
				OTHER_LDFLAGS = (
					"$(inherited)",
					"-ObjC",
				);
				SDKROOT = iphoneos;
				TARGETED_DEVICE_FAMILY = "1,2";
			};
			name = Debug;
		};
		2D9B28401F01F61600D3EAEB /* Release */ = {
			isa = XCBuildConfiguration;
			buildSettings = {
				ALWAYS_SEARCH_USER_PATHS = NO;
				CLANG_ANALYZER_NONNULL = YES;
				CLANG_ANALYZER_NUMBER_OBJECT_CONVERSION = YES_AGGRESSIVE;
				CLANG_CXX_LANGUAGE_STANDARD = "gnu++0x";
				CLANG_CXX_LIBRARY = "libc++";
				CLANG_ENABLE_MODULES = YES;
				CLANG_ENABLE_OBJC_ARC = YES;
				CLANG_WARN_BOOL_CONVERSION = YES;
				CLANG_WARN_CONSTANT_CONVERSION = YES;
				CLANG_WARN_DIRECT_OBJC_ISA_USAGE = YES_ERROR;
				CLANG_WARN_DOCUMENTATION_COMMENTS = YES;
				CLANG_WARN_EMPTY_BODY = YES;
				CLANG_WARN_ENUM_CONVERSION = YES;
				CLANG_WARN_INFINITE_RECURSION = YES;
				CLANG_WARN_INT_CONVERSION = YES;
				CLANG_WARN_OBJC_ROOT_CLASS = YES_ERROR;
				CLANG_WARN_SUSPICIOUS_MOVE = YES;
				CLANG_WARN_UNREACHABLE_CODE = YES;
				CLANG_WARN__DUPLICATE_METHOD_MATCH = YES;
				"CODE_SIGN_IDENTITY[sdk=iphoneos*]" = "iPhone Developer";
				COPY_PHASE_STRIP = NO;
				DEBUG_INFORMATION_FORMAT = "dwarf-with-dsym";
				ENABLE_NS_ASSERTIONS = NO;
				ENABLE_STRICT_OBJC_MSGSEND = YES;
				GCC_C_LANGUAGE_STANDARD = gnu99;
				GCC_NO_COMMON_BLOCKS = YES;
				GCC_WARN_64_TO_32_BIT_CONVERSION = YES;
				GCC_WARN_ABOUT_RETURN_TYPE = YES_ERROR;
				GCC_WARN_UNDECLARED_SELECTOR = YES;
				GCC_WARN_UNINITIALIZED_AUTOS = YES_AGGRESSIVE;
				GCC_WARN_UNUSED_FUNCTION = YES;
				GCC_WARN_UNUSED_VARIABLE = YES;
				IPHONEOS_DEPLOYMENT_TARGET = 8.0;
				MTL_ENABLE_DEBUG_INFO = NO;
				OTHER_LDFLAGS = (
					"$(inherited)",
					"-ObjC",
				);
				SDKROOT = iphoneos;
				TARGETED_DEVICE_FAMILY = "1,2";
				VALIDATE_PRODUCT = YES;
			};
			name = Release;
		};
		2D9B28421F01F61600D3EAEB /* Debug */ = {
			isa = XCBuildConfiguration;
			baseConfigurationReference = E51F6B0169463C936A37BD35 /* Pods-WBAVFrame.debug.xcconfig */;
			buildSettings = {
				ASSETCATALOG_COMPILER_APPICON_NAME = AppIcon;
				DEVELOPMENT_TEAM = EUAD94LG2W;
				ENABLE_BITCODE = NO;
				GCC_PRECOMPILE_PREFIX_HEADER = YES;
				GCC_PREFIX_HEADER = "$(SRCROOT)/WBAVFrame/WBAVFrame_prefix.pch";
				HEADER_SEARCH_PATHS = (
					"$(inherited)",
					"\"${PODS_ROOT}/Headers/Public\"",
					"\"${PODS_ROOT}/Headers/Public/AFNetworking\"",
					"\"${PODS_ROOT}/Headers/Public/MJExtension\"",
					"\"${PODS_ROOT}/Headers/Public/MJRefresh\"",
					"\"${PODS_ROOT}/Headers/Public/SDWebImage\"",
					"$(SRCROOT)/../WBPhotoManager/WBPhotoManager/**",
					"$(SRCROOT)/../WBUtils/WBUtils/**",
					"$(SRCROOT)/../WBNativeRecorder/WBNativeRecorder/**",
					"$(SRCROOT)/../WBAVBeautyRecorder/WBAVBeautyRecorder/**",
					"$(SRCROOT)/../WBGPUImageRecorder/WBGPUImageRecorder/**",
					"$(SRCROOT)/../WBAVIJKPlayer/WBAVIJKPlayer/**",
					"$(SRCROOT)/../WBAVNativePlayer/WBAVNativePlayer/**",
				);
				INFOPLIST_FILE = WBAVFrame/Info.plist;
				LD_RUNPATH_SEARCH_PATHS = "$(inherited) @executable_path/Frameworks";
				LIBRARY_SEARCH_PATHS = (
					"$(inherited)",
					"\"$PODS_CONFIGURATION_BUILD_DIR/AFNetworking\"",
					"\"$PODS_CONFIGURATION_BUILD_DIR/MJExtension\"",
					"\"$PODS_CONFIGURATION_BUILD_DIR/MJRefresh\"",
					"\"$PODS_CONFIGURATION_BUILD_DIR/SDWebImage\"",
				);
				OTHER_LDFLAGS = (
					"$(inherited)",
					"-ObjC",
					"-l\"AFNetworking\"",
					"-l\"MJExtension\"",
					"-l\"MJRefresh\"",
					"-l\"SDWebImage\"",
					"-framework",
					"\"CoreGraphics\"",
					"-framework",
					"\"ImageIO\"",
					"-framework",
					"\"MobileCoreServices\"",
					"-framework",
					"\"Security\"",
					"-framework",
					"\"SystemConfiguration\"",
				);
				PRODUCT_BUNDLE_IDENTIFIER = WB.WBAVFrame;
				PRODUCT_NAME = "$(TARGET_NAME)";
				TARGETED_DEVICE_FAMILY = 1;
			};
			name = Debug;
		};
		2D9B28431F01F61600D3EAEB /* Release */ = {
			isa = XCBuildConfiguration;
			baseConfigurationReference = 564080BCB324572E9BC9BEC9 /* Pods-WBAVFrame.release.xcconfig */;
			buildSettings = {
				ASSETCATALOG_COMPILER_APPICON_NAME = AppIcon;
				DEVELOPMENT_TEAM = EUAD94LG2W;
				ENABLE_BITCODE = NO;
				GCC_PRECOMPILE_PREFIX_HEADER = YES;
				GCC_PREFIX_HEADER = "$(SRCROOT)/WBAVFrame/WBAVFrame_prefix.pch";
				HEADER_SEARCH_PATHS = (
					"$(inherited)",
					"\"${PODS_ROOT}/Headers/Public\"",
					"\"${PODS_ROOT}/Headers/Public/AFNetworking\"",
					"\"${PODS_ROOT}/Headers/Public/MJExtension\"",
					"\"${PODS_ROOT}/Headers/Public/MJRefresh\"",
					"\"${PODS_ROOT}/Headers/Public/SDWebImage\"",
					"$(SRCROOT)/../WBPhotoManager/WBPhotoManager/**",
					"$(SRCROOT)/../WBUtils/WBUtils/**",
					"$(SRCROOT)/../WBNativeRecorder/WBNativeRecorder/**",
					"$(SRCROOT)/../WBAVBeautyRecorder/WBAVBeautyRecorder/**",
					"$(SRCROOT)/../WBGPUImageRecorder/WBGPUImageRecorder/**",
					"$(SRCROOT)/../WBAVIJKPlayer/WBAVIJKPlayer/**",
					"$(SRCROOT)/../WBAVNativePlayer/WBAVNativePlayer/**",
				);
				INFOPLIST_FILE = WBAVFrame/Info.plist;
				LD_RUNPATH_SEARCH_PATHS = "$(inherited) @executable_path/Frameworks";
				LIBRARY_SEARCH_PATHS = (
					"$(inherited)",
					"\"$PODS_CONFIGURATION_BUILD_DIR/AFNetworking\"",
					"\"$PODS_CONFIGURATION_BUILD_DIR/MJExtension\"",
					"\"$PODS_CONFIGURATION_BUILD_DIR/MJRefresh\"",
					"\"$PODS_CONFIGURATION_BUILD_DIR/SDWebImage\"",
				);
				OTHER_LDFLAGS = (
					"$(inherited)",
					"-ObjC",
					"-l\"AFNetworking\"",
					"-l\"MJExtension\"",
					"-l\"MJRefresh\"",
					"-l\"SDWebImage\"",
					"-framework",
					"\"CoreGraphics\"",
					"-framework",
					"\"ImageIO\"",
					"-framework",
					"\"MobileCoreServices\"",
					"-framework",
					"\"Security\"",
					"-framework",
					"\"SystemConfiguration\"",
				);
				PRODUCT_BUNDLE_IDENTIFIER = WB.WBAVFrame;
				PRODUCT_NAME = "$(TARGET_NAME)";
				TARGETED_DEVICE_FAMILY = 1;
			};
			name = Release;
		};
		2D9B28451F01F61600D3EAEB /* Debug */ = {
			isa = XCBuildConfiguration;
			buildSettings = {
				BUNDLE_LOADER = "$(TEST_HOST)";
				DEVELOPMENT_TEAM = 8D7826FKHD;
				INFOPLIST_FILE = WBAVFrameTests/Info.plist;
				LD_RUNPATH_SEARCH_PATHS = "$(inherited) @executable_path/Frameworks @loader_path/Frameworks";
				PRODUCT_BUNDLE_IDENTIFIER = WB.WBAVFrameTests;
				PRODUCT_NAME = "$(TARGET_NAME)";
				TEST_HOST = "$(BUILT_PRODUCTS_DIR)/WBAVFrame.app/WBAVFrame";
			};
			name = Debug;
		};
		2D9B28461F01F61600D3EAEB /* Release */ = {
			isa = XCBuildConfiguration;
			buildSettings = {
				BUNDLE_LOADER = "$(TEST_HOST)";
				DEVELOPMENT_TEAM = 8D7826FKHD;
				INFOPLIST_FILE = WBAVFrameTests/Info.plist;
				LD_RUNPATH_SEARCH_PATHS = "$(inherited) @executable_path/Frameworks @loader_path/Frameworks";
				PRODUCT_BUNDLE_IDENTIFIER = WB.WBAVFrameTests;
				PRODUCT_NAME = "$(TARGET_NAME)";
				TEST_HOST = "$(BUILT_PRODUCTS_DIR)/WBAVFrame.app/WBAVFrame";
			};
			name = Release;
		};
		2D9B28481F01F61600D3EAEB /* Debug */ = {
			isa = XCBuildConfiguration;
			buildSettings = {
				DEVELOPMENT_TEAM = 8D7826FKHD;
				INFOPLIST_FILE = WBAVFrameUITests/Info.plist;
				LD_RUNPATH_SEARCH_PATHS = "$(inherited) @executable_path/Frameworks @loader_path/Frameworks";
				PRODUCT_BUNDLE_IDENTIFIER = WB.WBAVFrameUITests;
				PRODUCT_NAME = "$(TARGET_NAME)";
				TEST_TARGET_NAME = WBAVFrame;
			};
			name = Debug;
		};
		2D9B28491F01F61600D3EAEB /* Release */ = {
			isa = XCBuildConfiguration;
			buildSettings = {
				DEVELOPMENT_TEAM = 8D7826FKHD;
				INFOPLIST_FILE = WBAVFrameUITests/Info.plist;
				LD_RUNPATH_SEARCH_PATHS = "$(inherited) @executable_path/Frameworks @loader_path/Frameworks";
				PRODUCT_BUNDLE_IDENTIFIER = WB.WBAVFrameUITests;
				PRODUCT_NAME = "$(TARGET_NAME)";
				TEST_TARGET_NAME = WBAVFrame;
			};
			name = Release;
		};
/* End XCBuildConfiguration section */

/* Begin XCConfigurationList section */
		2D9B280F1F01F61600D3EAEB /* Build configuration list for PBXProject "WBAVFrame" */ = {
			isa = XCConfigurationList;
			buildConfigurations = (
				2D9B283F1F01F61600D3EAEB /* Debug */,
				2D9B28401F01F61600D3EAEB /* Release */,
			);
			defaultConfigurationIsVisible = 0;
			defaultConfigurationName = Release;
		};
		2D9B28411F01F61600D3EAEB /* Build configuration list for PBXNativeTarget "WBAVFrame" */ = {
			isa = XCConfigurationList;
			buildConfigurations = (
				2D9B28421F01F61600D3EAEB /* Debug */,
				2D9B28431F01F61600D3EAEB /* Release */,
			);
			defaultConfigurationIsVisible = 0;
			defaultConfigurationName = Release;
		};
		2D9B28441F01F61600D3EAEB /* Build configuration list for PBXNativeTarget "WBAVFrameTests" */ = {
			isa = XCConfigurationList;
			buildConfigurations = (
				2D9B28451F01F61600D3EAEB /* Debug */,
				2D9B28461F01F61600D3EAEB /* Release */,
			);
			defaultConfigurationIsVisible = 0;
			defaultConfigurationName = Release;
		};
		2D9B28471F01F61600D3EAEB /* Build configuration list for PBXNativeTarget "WBAVFrameUITests" */ = {
			isa = XCConfigurationList;
			buildConfigurations = (
				2D9B28481F01F61600D3EAEB /* Debug */,
				2D9B28491F01F61600D3EAEB /* Release */,
			);
			defaultConfigurationIsVisible = 0;
			defaultConfigurationName = Release;
		};
/* End XCConfigurationList section */
	};
	rootObject = 2D9B280C1F01F61600D3EAEB /* Project object */;
}
