// !$*UTF8*$!
{
	archiveVersion = 1;
	classes = {
	};
	objectVersion = 46;
	objects = {

/* Begin PBXBuildFile section */
		2D1DCBFA1F45C48C00368A9E /* WBGPUImageRecorder.m in Sources */ = {isa = PBXBuildFile; fileRef = 2D1DCBF91F45C48C00368A9E /* WBGPUImageRecorder.m */; };
		2D1DCBFB1F45C48C00368A9E /* WBGPUImageRecorder.h in CopyFiles */ = {isa = PBXBuildFile; fileRef = 2D1DCBF81F45C48C00368A9E /* WBGPUImageRecorder.h */; };
		2D1DCC081F4689A100368A9E /* WBBeautyLiveRecorderViewController.m in Sources */ = {isa = PBXBuildFile; fileRef = 2D1DCC051F4689A100368A9E /* WBBeautyLiveRecorderViewController.m */; };
		2D1DCC091F4689A100368A9E /* WBBeautyVideoRecorderViewController.m in Sources */ = {isa = PBXBuildFile; fileRef = 2D1DCC071F4689A100368A9E /* WBBeautyVideoRecorderViewController.m */; };
		D6F85540087835BD84BBA73E /* libPods-WBGPUImageRecorder.a in Frameworks */ = {isa = PBXBuildFile; fileRef = EDE681FC3D59113F0A1391F3 /* libPods-WBGPUImageRecorder.a */; };
/* End PBXBuildFile section */

/* Begin PBXCopyFilesBuildPhase section */
		2D1DCBF31F45C48C00368A9E /* CopyFiles */ = {
			isa = PBXCopyFilesBuildPhase;
			buildActionMask = 2147483647;
			dstPath = "include/$(PRODUCT_NAME)";
			dstSubfolderSpec = 16;
			files = (
				2D1DCBFB1F45C48C00368A9E /* WBGPUImageRecorder.h in CopyFiles */,
			);
			runOnlyForDeploymentPostprocessing = 0;
		};
/* End PBXCopyFilesBuildPhase section */

/* Begin PBXFileReference section */
		2D1DCBF51F45C48C00368A9E /* libWBGPUImageRecorder.a */ = {isa = PBXFileReference; explicitFileType = archive.ar; includeInIndex = 0; path = libWBGPUImageRecorder.a; sourceTree = BUILT_PRODUCTS_DIR; };
		2D1DCBF81F45C48C00368A9E /* WBGPUImageRecorder.h */ = {isa = PBXFileReference; lastKnownFileType = sourcecode.c.h; path = WBGPUImageRecorder.h; sourceTree = "<group>"; };
		2D1DCBF91F45C48C00368A9E /* WBGPUImageRecorder.m */ = {isa = PBXFileReference; lastKnownFileType = sourcecode.c.objc; path = WBGPUImageRecorder.m; sourceTree = "<group>"; };
		2D1DCC041F4689A100368A9E /* WBBeautyLiveRecorderViewController.h */ = {isa = PBXFileReference; fileEncoding = 4; lastKnownFileType = sourcecode.c.h; path = WBBeautyLiveRecorderViewController.h; sourceTree = "<group>"; };
		2D1DCC051F4689A100368A9E /* WBBeautyLiveRecorderViewController.m */ = {isa = PBXFileReference; fileEncoding = 4; lastKnownFileType = sourcecode.c.objc; path = WBBeautyLiveRecorderViewController.m; sourceTree = "<group>"; };
		2D1DCC061F4689A100368A9E /* WBBeautyVideoRecorderViewController.h */ = {isa = PBXFileReference; fileEncoding = 4; lastKnownFileType = sourcecode.c.h; path = WBBeautyVideoRecorderViewController.h; sourceTree = "<group>"; };
		2D1DCC071F4689A100368A9E /* WBBeautyVideoRecorderViewController.m */ = {isa = PBXFileReference; fileEncoding = 4; lastKnownFileType = sourcecode.c.objc; path = WBBeautyVideoRecorderViewController.m; sourceTree = "<group>"; };
		3DAF8A6A19A67F6CCE584122 /* Pods-WBGPUImageRecorder.release.xcconfig */ = {isa = PBXFileReference; includeInIndex = 1; lastKnownFileType = text.xcconfig; name = "Pods-WBGPUImageRecorder.release.xcconfig"; path = "../Pods/Target Support Files/Pods-WBGPUImageRecorder/Pods-WBGPUImageRecorder.release.xcconfig"; sourceTree = "<group>"; };
		C90B09224C985903AE6E0CA1 /* Pods-WBGPUImageRecorder.debug.xcconfig */ = {isa = PBXFileReference; includeInIndex = 1; lastKnownFileType = text.xcconfig; name = "Pods-WBGPUImageRecorder.debug.xcconfig"; path = "../Pods/Target Support Files/Pods-WBGPUImageRecorder/Pods-WBGPUImageRecorder.debug.xcconfig"; sourceTree = "<group>"; };
		EDE681FC3D59113F0A1391F3 /* libPods-WBGPUImageRecorder.a */ = {isa = PBXFileReference; explicitFileType = archive.ar; includeInIndex = 0; path = "libPods-WBGPUImageRecorder.a"; sourceTree = BUILT_PRODUCTS_DIR; };
/* End PBXFileReference section */

/* Begin PBXFrameworksBuildPhase section */
		2D1DCBF21F45C48C00368A9E /* Frameworks */ = {
			isa = PBXFrameworksBuildPhase;
			buildActionMask = 2147483647;
			files = (
				D6F85540087835BD84BBA73E /* libPods-WBGPUImageRecorder.a in Frameworks */,
			);
			runOnlyForDeploymentPostprocessing = 0;
		};
/* End PBXFrameworksBuildPhase section */

/* Begin PBXGroup section */
		2D1DCBEC1F45C48C00368A9E = {
			isa = PBXGroup;
			children = (
				2D1DCBF71F45C48C00368A9E /* WBGPUImageRecorder */,
				2D1DCBF61F45C48C00368A9E /* Products */,
				60902119D50397AF316260F3 /* Pods */,
				B3C0933F8524D7228CB8F459 /* Frameworks */,
			);
			sourceTree = "<group>";
		};
		2D1DCBF61F45C48C00368A9E /* Products */ = {
			isa = PBXGroup;
			children = (
				2D1DCBF51F45C48C00368A9E /* libWBGPUImageRecorder.a */,
			);
			name = Products;
			sourceTree = "<group>";
		};
		2D1DCBF71F45C48C00368A9E /* WBGPUImageRecorder */ = {
			isa = PBXGroup;
			children = (
				2D1DCC041F4689A100368A9E /* WBBeautyLiveRecorderViewController.h */,
				2D1DCC051F4689A100368A9E /* WBBeautyLiveRecorderViewController.m */,
				2D1DCC061F4689A100368A9E /* WBBeautyVideoRecorderViewController.h */,
				2D1DCC071F4689A100368A9E /* WBBeautyVideoRecorderViewController.m */,
				2D1DCBF81F45C48C00368A9E /* WBGPUImageRecorder.h */,
				2D1DCBF91F45C48C00368A9E /* WBGPUImageRecorder.m */,
			);
			path = WBGPUImageRecorder;
			sourceTree = "<group>";
		};
		60902119D50397AF316260F3 /* Pods */ = {
			isa = PBXGroup;
			children = (
				C90B09224C985903AE6E0CA1 /* Pods-WBGPUImageRecorder.debug.xcconfig */,
				3DAF8A6A19A67F6CCE584122 /* Pods-WBGPUImageRecorder.release.xcconfig */,
			);
			name = Pods;
			sourceTree = "<group>";
		};
		B3C0933F8524D7228CB8F459 /* Frameworks */ = {
			isa = PBXGroup;
			children = (
				EDE681FC3D59113F0A1391F3 /* libPods-WBGPUImageRecorder.a */,
			);
			name = Frameworks;
			sourceTree = "<group>";
		};
/* End PBXGroup section */

/* Begin PBXNativeTarget section */
		2D1DCBF41F45C48C00368A9E /* WBGPUImageRecorder */ = {
			isa = PBXNativeTarget;
			buildConfigurationList = 2D1DCBFE1F45C48C00368A9E /* Build configuration list for PBXNativeTarget "WBGPUImageRecorder" */;
			buildPhases = (
				8E7606E6FA0B2CDC336A6B56 /* [CP] Check Pods Manifest.lock */,
				2D1DCBF11F45C48C00368A9E /* Sources */,
				2D1DCBF21F45C48C00368A9E /* Frameworks */,
				2D1DCBF31F45C48C00368A9E /* CopyFiles */,
				39A191A6263FB87F1D4BE7C7 /* [CP] Copy Pods Resources */,
			);
			buildRules = (
			);
			dependencies = (
			);
			name = WBGPUImageRecorder;
			productName = WBGPUImageRecorder;
			productReference = 2D1DCBF51F45C48C00368A9E /* libWBGPUImageRecorder.a */;
			productType = "com.apple.product-type.library.static";
		};
/* End PBXNativeTarget section */

/* Begin PBXProject section */
		2D1DCBED1F45C48C00368A9E /* Project object */ = {
			isa = PBXProject;
			attributes = {
				LastUpgradeCheck = 0830;
				ORGANIZATIONNAME = "王博";
				TargetAttributes = {
					2D1DCBF41F45C48C00368A9E = {
						CreatedOnToolsVersion = 8.3.3;
						DevelopmentTeam = 8D7826FKHD;
						ProvisioningStyle = Automatic;
					};
				};
			};
			buildConfigurationList = 2D1DCBF01F45C48C00368A9E /* Build configuration list for PBXProject "WBGPUImageRecorder" */;
			compatibilityVersion = "Xcode 3.2";
			developmentRegion = English;
			hasScannedForEncodings = 0;
			knownRegions = (
				en,
			);
			mainGroup = 2D1DCBEC1F45C48C00368A9E;
			productRefGroup = 2D1DCBF61F45C48C00368A9E /* Products */;
			projectDirPath = "";
			projectRoot = "";
			targets = (
				2D1DCBF41F45C48C00368A9E /* WBGPUImageRecorder */,
			);
		};
/* End PBXProject section */

/* Begin PBXShellScriptBuildPhase section */
		39A191A6263FB87F1D4BE7C7 /* [CP] Copy Pods Resources */ = {
			isa = PBXShellScriptBuildPhase;
			buildActionMask = 2147483647;
			files = (
			);
			inputPaths = (
			);
			name = "[CP] Copy Pods Resources";
			outputPaths = (
			);
			runOnlyForDeploymentPostprocessing = 0;
			shellPath = /bin/sh;
			shellScript = "\"${SRCROOT}/../Pods/Target Support Files/Pods-WBGPUImageRecorder/Pods-WBGPUImageRecorder-resources.sh\"\n";
			showEnvVarsInLog = 0;
		};
		8E7606E6FA0B2CDC336A6B56 /* [CP] Check Pods Manifest.lock */ = {
			isa = PBXShellScriptBuildPhase;
			buildActionMask = 2147483647;
			files = (
			);
			inputPaths = (
			);
			name = "[CP] Check Pods Manifest.lock";
			outputPaths = (
			);
			runOnlyForDeploymentPostprocessing = 0;
			shellPath = /bin/sh;
			shellScript = "diff \"${PODS_ROOT}/../Podfile.lock\" \"${PODS_ROOT}/Manifest.lock\" > /dev/null\nif [ $? != 0 ] ; then\n    # print error to STDERR\n    echo \"error: The sandbox is not in sync with the Podfile.lock. Run 'pod install' or update your CocoaPods installation.\" >&2\n    exit 1\nfi\n";
			showEnvVarsInLog = 0;
		};
/* End PBXShellScriptBuildPhase section */

/* Begin PBXSourcesBuildPhase section */
		2D1DCBF11F45C48C00368A9E /* Sources */ = {
			isa = PBXSourcesBuildPhase;
			buildActionMask = 2147483647;
			files = (
				2D1DCBFA1F45C48C00368A9E /* WBGPUImageRecorder.m in Sources */,
				2D1DCC091F4689A100368A9E /* WBBeautyVideoRecorderViewController.m in Sources */,
				2D1DCC081F4689A100368A9E /* WBBeautyLiveRecorderViewController.m in Sources */,
			);
			runOnlyForDeploymentPostprocessing = 0;
		};
/* End PBXSourcesBuildPhase section */

/* Begin XCBuildConfiguration section */
		2D1DCBFC1F45C48C00368A9E /* Debug */ = {
			isa = XCBuildConfiguration;
			buildSettings = {
				ALWAYS_SEARCH_USER_PATHS = NO;
				CLANG_ANALYZER_NONNULL = YES;
				CLANG_ANALYZER_NUMBER_OBJECT_CONVERSION = YES_AGGRESSIVE;
				CLANG_CXX_LANGUAGE_STANDARD = "gnu++0x";
				CLANG_CXX_LIBRARY = "libc++";
				CLANG_ENABLE_MODULES = YES;
				CLANG_ENABLE_OBJC_ARC = YES;
				CLANG_WARN_BOOL_CONVERSION = YES;
				CLANG_WARN_CONSTANT_CONVERSION = YES;
				CLANG_WARN_DIRECT_OBJC_ISA_USAGE = YES_ERROR;
				CLANG_WARN_DOCUMENTATION_COMMENTS = YES;
				CLANG_WARN_EMPTY_BODY = YES;
				CLANG_WARN_ENUM_CONVERSION = YES;
				CLANG_WARN_INFINITE_RECURSION = YES;
				CLANG_WARN_INT_CONVERSION = YES;
				CLANG_WARN_OBJC_ROOT_CLASS = YES_ERROR;
				CLANG_WARN_SUSPICIOUS_MOVE = YES;
				CLANG_WARN_UNREACHABLE_CODE = YES;
				CLANG_WARN__DUPLICATE_METHOD_MATCH = YES;
				"CODE_SIGN_IDENTITY[sdk=iphoneos*]" = "iPhone Developer";
				COPY_PHASE_STRIP = NO;
				DEBUG_INFORMATION_FORMAT = dwarf;
				ENABLE_STRICT_OBJC_MSGSEND = YES;
				ENABLE_TESTABILITY = YES;
				GCC_C_LANGUAGE_STANDARD = gnu99;
				GCC_DYNAMIC_NO_PIC = NO;
				GCC_NO_COMMON_BLOCKS = YES;
				GCC_OPTIMIZATION_LEVEL = 0;
				GCC_PREPROCESSOR_DEFINITIONS = (
					"DEBUG=1",
					"$(inherited)",
				);
				GCC_WARN_64_TO_32_BIT_CONVERSION = YES;
				GCC_WARN_ABOUT_RETURN_TYPE = YES_ERROR;
				GCC_WARN_UNDECLARED_SELECTOR = YES;
				GCC_WARN_UNINITIALIZED_AUTOS = YES_AGGRESSIVE;
				GCC_WARN_UNUSED_FUNCTION = YES;
				GCC_WARN_UNUSED_VARIABLE = YES;
				IPHONEOS_DEPLOYMENT_TARGET = 8.0;
				MTL_ENABLE_DEBUG_INFO = YES;
				ONLY_ACTIVE_ARCH = YES;
				SDKROOT = iphoneos;
			};
			name = Debug;
		};
		2D1DCBFD1F45C48C00368A9E /* Release */ = {
			isa = XCBuildConfiguration;
			buildSettings = {
				ALWAYS_SEARCH_USER_PATHS = NO;
				CLANG_ANALYZER_NONNULL = YES;
				CLANG_ANALYZER_NUMBER_OBJECT_CONVERSION = YES_AGGRESSIVE;
				CLANG_CXX_LANGUAGE_STANDARD = "gnu++0x";
				CLANG_CXX_LIBRARY = "libc++";
				CLANG_ENABLE_MODULES = YES;
				CLANG_ENABLE_OBJC_ARC = YES;
				CLANG_WARN_BOOL_CONVERSION = YES;
				CLANG_WARN_CONSTANT_CONVERSION = YES;
				CLANG_WARN_DIRECT_OBJC_ISA_USAGE = YES_ERROR;
				CLANG_WARN_DOCUMENTATION_COMMENTS = YES;
				CLANG_WARN_EMPTY_BODY = YES;
				CLANG_WARN_ENUM_CONVERSION = YES;
				CLANG_WARN_INFINITE_RECURSION = YES;
				CLANG_WARN_INT_CONVERSION = YES;
				CLANG_WARN_OBJC_ROOT_CLASS = YES_ERROR;
				CLANG_WARN_SUSPICIOUS_MOVE = YES;
				CLANG_WARN_UNREACHABLE_CODE = YES;
				CLANG_WARN__DUPLICATE_METHOD_MATCH = YES;
				"CODE_SIGN_IDENTITY[sdk=iphoneos*]" = "iPhone Developer";
				COPY_PHASE_STRIP = NO;
				DEBUG_INFORMATION_FORMAT = "dwarf-with-dsym";
				ENABLE_NS_ASSERTIONS = NO;
				ENABLE_STRICT_OBJC_MSGSEND = YES;
				GCC_C_LANGUAGE_STANDARD = gnu99;
				GCC_NO_COMMON_BLOCKS = YES;
				GCC_WARN_64_TO_32_BIT_CONVERSION = YES;
				GCC_WARN_ABOUT_RETURN_TYPE = YES_ERROR;
				GCC_WARN_UNDECLARED_SELECTOR = YES;
				GCC_WARN_UNINITIALIZED_AUTOS = YES_AGGRESSIVE;
				GCC_WARN_UNUSED_FUNCTION = YES;
				GCC_WARN_UNUSED_VARIABLE = YES;
				IPHONEOS_DEPLOYMENT_TARGET = 8.0;
				MTL_ENABLE_DEBUG_INFO = NO;
				SDKROOT = iphoneos;
				VALIDATE_PRODUCT = YES;
			};
			name = Release;
		};
		2D1DCBFF1F45C48C00368A9E /* Debug */ = {
			isa = XCBuildConfiguration;
			baseConfigurationReference = C90B09224C985903AE6E0CA1 /* Pods-WBGPUImageRecorder.debug.xcconfig */;
			buildSettings = {
				DEVELOPMENT_TEAM = 8D7826FKHD;
				OTHER_LDFLAGS = "$(inherited)";
				PRODUCT_NAME = "$(TARGET_NAME)";
				SKIP_INSTALL = YES;
			};
			name = Debug;
		};
		2D1DCC001F45C48C00368A9E /* Release */ = {
			isa = XCBuildConfiguration;
			baseConfigurationReference = 3DAF8A6A19A67F6CCE584122 /* Pods-WBGPUImageRecorder.release.xcconfig */;
			buildSettings = {
				DEVELOPMENT_TEAM = 8D7826FKHD;
				OTHER_LDFLAGS = "$(inherited)";
				PRODUCT_NAME = "$(TARGET_NAME)";
				SKIP_INSTALL = YES;
			};
			name = Release;
		};
/* End XCBuildConfiguration section */

/* Begin XCConfigurationList section */
		2D1DCBF01F45C48C00368A9E /* Build configuration list for PBXProject "WBGPUImageRecorder" */ = {
			isa = XCConfigurationList;
			buildConfigurations = (
				2D1DCBFC1F45C48C00368A9E /* Debug */,
				2D1DCBFD1F45C48C00368A9E /* Release */,
			);
			defaultConfigurationIsVisible = 0;
			defaultConfigurationName = Release;
		};
		2D1DCBFE1F45C48C00368A9E /* Build configuration list for PBXNativeTarget "WBGPUImageRecorder" */ = {
			isa = XCConfigurationList;
			buildConfigurations = (
				2D1DCBFF1F45C48C00368A9E /* Debug */,
				2D1DCC001F45C48C00368A9E /* Release */,
			);
			defaultConfigurationIsVisible = 0;
			defaultConfigurationName = Release;
		};
/* End XCConfigurationList section */
	};
	rootObject = 2D1DCBED1F45C48C00368A9E /* Project object */;
}
