// !$*UTF8*$!
{
	archiveVersion = 1;
	classes = {
	};
	objectVersion = 46;
	objects = {

/* Begin PBXBuildFile section */
		2DDB32A01F03B0CD00DBA59B /* WBIJKPlayerViewController.m in Sources */ = {isa = PBXBuildFile; fileRef = 2DDB329F1F03B0CD00DBA59B /* WBIJKPlayerViewController.m */; };
		2DDB32B61F03BAD300DBA59B /* WBIJKPlayerViewController.h in Headers */ = {isa = PBXBuildFile; fileRef = 2DDB329E1F03B0CD00DBA59B /* WBIJKPlayerViewController.h */; settings = {ATTRIBUTES = (Public, ); }; };
		2DE9E4E21F0397B6001255F4 /* WBAVIJKPlayer.m in Sources */ = {isa = PBXBuildFile; fileRef = 2DE9E4E11F0397B6001255F4 /* WBAVIJKPlayer.m */; };
		2DE9E4E31F0397B6001255F4 /* WBAVIJKPlayer.h in CopyFiles */ = {isa = PBXBuildFile; fileRef = 2DE9E4E01F0397B6001255F4 /* WBAVIJKPlayer.h */; };
/* End PBXBuildFile section */

/* Begin PBXCopyFilesBuildPhase section */
		2DE9E4DB1F0397B6001255F4 /* CopyFiles */ = {
			isa = PBXCopyFilesBuildPhase;
			buildActionMask = 2147483647;
			dstPath = "include/$(PRODUCT_NAME)";
			dstSubfolderSpec = 16;
			files = (
				2DE9E4E31F0397B6001255F4 /* WBAVIJKPlayer.h in CopyFiles */,
			);
			runOnlyForDeploymentPostprocessing = 0;
		};
/* End PBXCopyFilesBuildPhase section */

/* Begin PBXFileReference section */
		2DDB329E1F03B0CD00DBA59B /* WBIJKPlayerViewController.h */ = {isa = PBXFileReference; fileEncoding = 4; lastKnownFileType = sourcecode.c.h; path = WBIJKPlayerViewController.h; sourceTree = "<group>"; };
		2DDB329F1F03B0CD00DBA59B /* WBIJKPlayerViewController.m */ = {isa = PBXFileReference; fileEncoding = 4; lastKnownFileType = sourcecode.c.objc; path = WBIJKPlayerViewController.m; sourceTree = "<group>"; };
		2DE9E4DD1F0397B6001255F4 /* libWBAVIJKPlayer.a */ = {isa = PBXFileReference; explicitFileType = archive.ar; includeInIndex = 0; path = libWBAVIJKPlayer.a; sourceTree = BUILT_PRODUCTS_DIR; };
		2DE9E4E01F0397B6001255F4 /* WBAVIJKPlayer.h */ = {isa = PBXFileReference; lastKnownFileType = sourcecode.c.h; path = WBAVIJKPlayer.h; sourceTree = "<group>"; };
		2DE9E4E11F0397B6001255F4 /* WBAVIJKPlayer.m */ = {isa = PBXFileReference; lastKnownFileType = sourcecode.c.objc; path = WBAVIJKPlayer.m; sourceTree = "<group>"; };
/* End PBXFileReference section */

/* Begin PBXFrameworksBuildPhase section */
		2DE9E4DA1F0397B6001255F4 /* Frameworks */ = {
			isa = PBXFrameworksBuildPhase;
			buildActionMask = 2147483647;
			files = (
			);
			runOnlyForDeploymentPostprocessing = 0;
		};
/* End PBXFrameworksBuildPhase section */

/* Begin PBXGroup section */
		2DE9E4D41F0397B6001255F4 = {
			isa = PBXGroup;
			children = (
				2DE9E4DF1F0397B6001255F4 /* WBAVIJKPlayer */,
				2DE9E4DE1F0397B6001255F4 /* Products */,
			);
			sourceTree = "<group>";
		};
		2DE9E4DE1F0397B6001255F4 /* Products */ = {
			isa = PBXGroup;
			children = (
				2DE9E4DD1F0397B6001255F4 /* libWBAVIJKPlayer.a */,
			);
			name = Products;
			sourceTree = "<group>";
		};
		2DE9E4DF1F0397B6001255F4 /* WBAVIJKPlayer */ = {
			isa = PBXGroup;
			children = (
				2DE9E4E01F0397B6001255F4 /* WBAVIJKPlayer.h */,
				2DE9E4E11F0397B6001255F4 /* WBAVIJKPlayer.m */,
				2DDB329E1F03B0CD00DBA59B /* WBIJKPlayerViewController.h */,
				2DDB329F1F03B0CD00DBA59B /* WBIJKPlayerViewController.m */,
			);
			path = WBAVIJKPlayer;
			sourceTree = "<group>";
		};
/* End PBXGroup section */

/* Begin PBXHeadersBuildPhase section */
		2DDB32B51F03BACD00DBA59B /* Headers */ = {
			isa = PBXHeadersBuildPhase;
			buildActionMask = 2147483647;
			files = (
				2DDB32B61F03BAD300DBA59B /* WBIJKPlayerViewController.h in Headers */,
			);
			runOnlyForDeploymentPostprocessing = 0;
		};
/* End PBXHeadersBuildPhase section */

/* Begin PBXNativeTarget section */
		2DE9E4DC1F0397B6001255F4 /* WBAVIJKPlayer */ = {
			isa = PBXNativeTarget;
			buildConfigurationList = 2DE9E4E61F0397B6001255F4 /* Build configuration list for PBXNativeTarget "WBAVIJKPlayer" */;
			buildPhases = (
				2DE9E4D91F0397B6001255F4 /* Sources */,
				2DE9E4DA1F0397B6001255F4 /* Frameworks */,
				2DE9E4DB1F0397B6001255F4 /* CopyFiles */,
				2DDB32B51F03BACD00DBA59B /* Headers */,
			);
			buildRules = (
			);
			dependencies = (
			);
			name = WBAVIJKPlayer;
			productName = WBAVIJKPlayer;
			productReference = 2DE9E4DD1F0397B6001255F4 /* libWBAVIJKPlayer.a */;
			productType = "com.apple.product-type.library.static";
		};
/* End PBXNativeTarget section */

/* Begin PBXProject section */
		2DE9E4D51F0397B6001255F4 /* Project object */ = {
			isa = PBXProject;
			attributes = {
				LastUpgradeCheck = 0830;
				ORGANIZATIONNAME = "王博";
				TargetAttributes = {
					2DE9E4DC1F0397B6001255F4 = {
						CreatedOnToolsVersion = 8.3.3;
						DevelopmentTeam = 8D7826FKHD;
						ProvisioningStyle = Automatic;
					};
				};
			};
			buildConfigurationList = 2DE9E4D81F0397B6001255F4 /* Build configuration list for PBXProject "WBAVIJKPlayer" */;
			compatibilityVersion = "Xcode 3.2";
			developmentRegion = English;
			hasScannedForEncodings = 0;
			knownRegions = (
				en,
			);
			mainGroup = 2DE9E4D41F0397B6001255F4;
			productRefGroup = 2DE9E4DE1F0397B6001255F4 /* Products */;
			projectDirPath = "";
			projectRoot = "";
			targets = (
				2DE9E4DC1F0397B6001255F4 /* WBAVIJKPlayer */,
			);
		};
/* End PBXProject section */

/* Begin PBXSourcesBuildPhase section */
		2DE9E4D91F0397B6001255F4 /* Sources */ = {
			isa = PBXSourcesBuildPhase;
			buildActionMask = 2147483647;
			files = (
				2DE9E4E21F0397B6001255F4 /* WBAVIJKPlayer.m in Sources */,
				2DDB32A01F03B0CD00DBA59B /* WBIJKPlayerViewController.m in Sources */,
			);
			runOnlyForDeploymentPostprocessing = 0;
		};
/* End PBXSourcesBuildPhase section */

/* Begin XCBuildConfiguration section */
		2DE9E4E41F0397B6001255F4 /* Debug */ = {
			isa = XCBuildConfiguration;
			buildSettings = {
				ALWAYS_SEARCH_USER_PATHS = NO;
				CLANG_ANALYZER_NONNULL = YES;
				CLANG_ANALYZER_NUMBER_OBJECT_CONVERSION = YES_AGGRESSIVE;
				CLANG_CXX_LANGUAGE_STANDARD = "gnu++0x";
				CLANG_CXX_LIBRARY = "libc++";
				CLANG_ENABLE_MODULES = YES;
				CLANG_ENABLE_OBJC_ARC = YES;
				CLANG_WARN_BOOL_CONVERSION = YES;
				CLANG_WARN_CONSTANT_CONVERSION = YES;
				CLANG_WARN_DIRECT_OBJC_ISA_USAGE = YES_ERROR;
				CLANG_WARN_DOCUMENTATION_COMMENTS = YES;
				CLANG_WARN_EMPTY_BODY = YES;
				CLANG_WARN_ENUM_CONVERSION = YES;
				CLANG_WARN_INFINITE_RECURSION = YES;
				CLANG_WARN_INT_CONVERSION = YES;
				CLANG_WARN_OBJC_ROOT_CLASS = YES_ERROR;
				CLANG_WARN_SUSPICIOUS_MOVE = YES;
				CLANG_WARN_UNREACHABLE_CODE = YES;
				CLANG_WARN__DUPLICATE_METHOD_MATCH = YES;
				"CODE_SIGN_IDENTITY[sdk=iphoneos*]" = "iPhone Developer";
				COPY_PHASE_STRIP = NO;
				DEBUG_INFORMATION_FORMAT = dwarf;
				ENABLE_STRICT_OBJC_MSGSEND = YES;
				ENABLE_TESTABILITY = YES;
				GCC_C_LANGUAGE_STANDARD = gnu99;
				GCC_DYNAMIC_NO_PIC = NO;
				GCC_NO_COMMON_BLOCKS = YES;
				GCC_OPTIMIZATION_LEVEL = 0;
				GCC_PREPROCESSOR_DEFINITIONS = (
					"DEBUG=1",
					"$(inherited)",
				);
				GCC_WARN_64_TO_32_BIT_CONVERSION = YES;
				GCC_WARN_ABOUT_RETURN_TYPE = YES_ERROR;
				GCC_WARN_UNDECLARED_SELECTOR = YES;
				GCC_WARN_UNINITIALIZED_AUTOS = YES_AGGRESSIVE;
				GCC_WARN_UNUSED_FUNCTION = YES;
				GCC_WARN_UNUSED_VARIABLE = YES;
				IPHONEOS_DEPLOYMENT_TARGET = 10.3;
				MTL_ENABLE_DEBUG_INFO = YES;
				ONLY_ACTIVE_ARCH = YES;
				SDKROOT = iphoneos;
			};
			name = Debug;
		};
		2DE9E4E51F0397B6001255F4 /* Release */ = {
			isa = XCBuildConfiguration;
			buildSettings = {
				ALWAYS_SEARCH_USER_PATHS = NO;
				CLANG_ANALYZER_NONNULL = YES;
				CLANG_ANALYZER_NUMBER_OBJECT_CONVERSION = YES_AGGRESSIVE;
				CLANG_CXX_LANGUAGE_STANDARD = "gnu++0x";
				CLANG_CXX_LIBRARY = "libc++";
				CLANG_ENABLE_MODULES = YES;
				CLANG_ENABLE_OBJC_ARC = YES;
				CLANG_WARN_BOOL_CONVERSION = YES;
				CLANG_WARN_CONSTANT_CONVERSION = YES;
				CLANG_WARN_DIRECT_OBJC_ISA_USAGE = YES_ERROR;
				CLANG_WARN_DOCUMENTATION_COMMENTS = YES;
				CLANG_WARN_EMPTY_BODY = YES;
				CLANG_WARN_ENUM_CONVERSION = YES;
				CLANG_WARN_INFINITE_RECURSION = YES;
				CLANG_WARN_INT_CONVERSION = YES;
				CLANG_WARN_OBJC_ROOT_CLASS = YES_ERROR;
				CLANG_WARN_SUSPICIOUS_MOVE = YES;
				CLANG_WARN_UNREACHABLE_CODE = YES;
				CLANG_WARN__DUPLICATE_METHOD_MATCH = YES;
				"CODE_SIGN_IDENTITY[sdk=iphoneos*]" = "iPhone Developer";
				COPY_PHASE_STRIP = NO;
				DEBUG_INFORMATION_FORMAT = "dwarf-with-dsym";
				ENABLE_NS_ASSERTIONS = NO;
				ENABLE_STRICT_OBJC_MSGSEND = YES;
				GCC_C_LANGUAGE_STANDARD = gnu99;
				GCC_NO_COMMON_BLOCKS = YES;
				GCC_WARN_64_TO_32_BIT_CONVERSION = YES;
				GCC_WARN_ABOUT_RETURN_TYPE = YES_ERROR;
				GCC_WARN_UNDECLARED_SELECTOR = YES;
				GCC_WARN_UNINITIALIZED_AUTOS = YES_AGGRESSIVE;
				GCC_WARN_UNUSED_FUNCTION = YES;
				GCC_WARN_UNUSED_VARIABLE = YES;
				IPHONEOS_DEPLOYMENT_TARGET = 10.3;
				MTL_ENABLE_DEBUG_INFO = NO;
				SDKROOT = iphoneos;
				VALIDATE_PRODUCT = YES;
			};
			name = Release;
		};
		2DE9E4E71F0397B6001255F4 /* Debug */ = {
			isa = XCBuildConfiguration;
			buildSettings = {
				DEVELOPMENT_TEAM = 8D7826FKHD;
				OTHER_LDFLAGS = "-ObjC";
				PRODUCT_NAME = "$(TARGET_NAME)";
				SKIP_INSTALL = YES;
			};
			name = Debug;
		};
		2DE9E4E81F0397B6001255F4 /* Release */ = {
			isa = XCBuildConfiguration;
			buildSettings = {
				DEVELOPMENT_TEAM = 8D7826FKHD;
				OTHER_LDFLAGS = "-ObjC";
				PRODUCT_NAME = "$(TARGET_NAME)";
				SKIP_INSTALL = YES;
			};
			name = Release;
		};
/* End XCBuildConfiguration section */

/* Begin XCConfigurationList section */
		2DE9E4D81F0397B6001255F4 /* Build configuration list for PBXProject "WBAVIJKPlayer" */ = {
			isa = XCConfigurationList;
			buildConfigurations = (
				2DE9E4E41F0397B6001255F4 /* Debug */,
				2DE9E4E51F0397B6001255F4 /* Release */,
			);
			defaultConfigurationIsVisible = 0;
			defaultConfigurationName = Release;
		};
		2DE9E4E61F0397B6001255F4 /* Build configuration list for PBXNativeTarget "WBAVIJKPlayer" */ = {
			isa = XCConfigurationList;
			buildConfigurations = (
				2DE9E4E71F0397B6001255F4 /* Debug */,
				2DE9E4E81F0397B6001255F4 /* Release */,
			);
			defaultConfigurationIsVisible = 0;
			defaultConfigurationName = Release;
		};
/* End XCConfigurationList section */
	};
	rootObject = 2DE9E4D51F0397B6001255F4 /* Project object */;
}
